
Microsoft Visual Studio Solution File, Format Version 12.00
# Visual Studio 15
VisualStudioVersion = 15.0.26730.15
MinimumVisualStudioVersion = 10.0.40219.1
Project("{9A19103F-16F7-4668-BE54-9A1E7A4F7556}") = "AfricasTalkingCS", "AfricasTalkingCS\AfricasTalkingCS.csproj", "{6E6C6B45-503F-4994-B32E-29E0D86246F9}"
EndProject
Project("{2150E333-8FDC-42A3-9474-1A3956D46DE8}") = "Examples", "Examples", "{1B3E21DE-15F0-4570-9564-E50D0C2D5C06}"
EndProject
Project("{9A19103F-16F7-4668-BE54-9A1E7A4F7556}") = "ConsoleApp1", "Examples\ConsoleApp1\ConsoleApp1.csproj", "{77F8CE7F-A8A9-4280-84FA-33E67D82D74C}"
EndProject
Project("{9A19103F-16F7-4668-BE54-9A1E7A4F7556}") = "ConsoleApp2", "Examples\ConsoleApp2\ConsoleApp2.csproj", "{828D9A3F-626B-465E-A140-AF668183B221}"
EndProject
Project("{2150E333-8FDC-42A3-9474-1A3956D46DE8}") = "Solution Items", "Solution Items", "{953AEF7B-BDE8-481A-A2A1-DAD8064EF070}"
	ProjectSection(SolutionItems) = preProject
		.gitignore = .gitignore
	EndProjectSection
EndProject
Project("{9A19103F-16F7-4668-BE54-9A1E7A4F7556}") = "SampleB2C", "Examples\SampleB2C\SampleB2C.csproj", "{63710D80-F2D5-4D3D-8A49-30488BB15146}"
EndProject
Project("{9A19103F-16F7-4668-BE54-9A1E7A4F7556}") = "SampleB2B", "SampleB2B\SampleB2B.csproj", "{DD6A77FA-2D2C-4344-A43B-B8D483ADA738}"
EndProject
Project("{9A19103F-16F7-4668-BE54-9A1E7A4F7556}") = "VoiceSample", "VoiceSample\VoiceSample.csproj", "{C54E76DC-D172-4A1E-85A6-04F51C1398E6}"
EndProject
Project("{FAE04EC0-301F-11D3-BF4B-00C04F79EFBC}") = "NUnit.AfricasTalkingCS", "NUnit.AfricasTalkingCS\NUnit.AfricasTalkingCS.csproj", "{8EDF4429-251A-416D-BB68-93F227191BCF}"
EndProject
Global
	GlobalSection(SolutionConfigurationPlatforms) = preSolution
		Ad-Hoc|Any CPU = Ad-Hoc|Any CPU
		Ad-Hoc|ARM = Ad-Hoc|ARM
		Ad-Hoc|iPhone = Ad-Hoc|iPhone
		Ad-Hoc|iPhoneSimulator = Ad-Hoc|iPhoneSimulator
		Ad-Hoc|x64 = Ad-Hoc|x64
		Ad-Hoc|x86 = Ad-Hoc|x86
		AppStore|Any CPU = AppStore|Any CPU
		AppStore|ARM = AppStore|ARM
		AppStore|iPhone = AppStore|iPhone
		AppStore|iPhoneSimulator = AppStore|iPhoneSimulator
		AppStore|x64 = AppStore|x64
		AppStore|x86 = AppStore|x86
		Debug|Any CPU = Debug|Any CPU
		Debug|ARM = Debug|ARM
		Debug|iPhone = Debug|iPhone
		Debug|iPhoneSimulator = Debug|iPhoneSimulator
		Debug|x64 = Debug|x64
		Debug|x86 = Debug|x86
		Release|Any CPU = Release|Any CPU
		Release|ARM = Release|ARM
		Release|iPhone = Release|iPhone
		Release|iPhoneSimulator = Release|iPhoneSimulator
		Release|x64 = Release|x64
		Release|x86 = Release|x86
	EndGlobalSection
	GlobalSection(ProjectConfigurationPlatforms) = postSolution
		{6E6C6B45-503F-4994-B32E-29E0D86246F9}.Ad-Hoc|Any CPU.ActiveCfg = Release|Any CPU
		{6E6C6B45-503F-4994-B32E-29E0D86246F9}.Ad-Hoc|Any CPU.Build.0 = Release|Any CPU
		{6E6C6B45-503F-4994-B32E-29E0D86246F9}.Ad-Hoc|ARM.ActiveCfg = Release|Any CPU
		{6E6C6B45-503F-4994-B32E-29E0D86246F9}.Ad-Hoc|ARM.Build.0 = Release|Any CPU
		{6E6C6B45-503F-4994-B32E-29E0D86246F9}.Ad-Hoc|iPhone.ActiveCfg = Release|Any CPU
		{6E6C6B45-503F-4994-B32E-29E0D86246F9}.Ad-Hoc|iPhone.Build.0 = Release|Any CPU
		{6E6C6B45-503F-4994-B32E-29E0D86246F9}.Ad-Hoc|iPhoneSimulator.ActiveCfg = Release|Any CPU
		{6E6C6B45-503F-4994-B32E-29E0D86246F9}.Ad-Hoc|iPhoneSimulator.Build.0 = Release|Any CPU
		{6E6C6B45-503F-4994-B32E-29E0D86246F9}.Ad-Hoc|x64.ActiveCfg = Release|Any CPU
		{6E6C6B45-503F-4994-B32E-29E0D86246F9}.Ad-Hoc|x64.Build.0 = Release|Any CPU
		{6E6C6B45-503F-4994-B32E-29E0D86246F9}.Ad-Hoc|x86.ActiveCfg = Release|Any CPU
		{6E6C6B45-503F-4994-B32E-29E0D86246F9}.Ad-Hoc|x86.Build.0 = Release|Any CPU
		{6E6C6B45-503F-4994-B32E-29E0D86246F9}.AppStore|Any CPU.ActiveCfg = Release|Any CPU
		{6E6C6B45-503F-4994-B32E-29E0D86246F9}.AppStore|Any CPU.Build.0 = Release|Any CPU
		{6E6C6B45-503F-4994-B32E-29E0D86246F9}.AppStore|ARM.ActiveCfg = Release|Any CPU
		{6E6C6B45-503F-4994-B32E-29E0D86246F9}.AppStore|ARM.Build.0 = Release|Any CPU
		{6E6C6B45-503F-4994-B32E-29E0D86246F9}.AppStore|iPhone.ActiveCfg = Release|Any CPU
		{6E6C6B45-503F-4994-B32E-29E0D86246F9}.AppStore|iPhone.Build.0 = Release|Any CPU
		{6E6C6B45-503F-4994-B32E-29E0D86246F9}.AppStore|iPhoneSimulator.ActiveCfg = Release|Any CPU
		{6E6C6B45-503F-4994-B32E-29E0D86246F9}.AppStore|iPhoneSimulator.Build.0 = Release|Any CPU
		{6E6C6B45-503F-4994-B32E-29E0D86246F9}.AppStore|x64.ActiveCfg = Release|Any CPU
		{6E6C6B45-503F-4994-B32E-29E0D86246F9}.AppStore|x64.Build.0 = Release|Any CPU
		{6E6C6B45-503F-4994-B32E-29E0D86246F9}.AppStore|x86.ActiveCfg = Release|Any CPU
		{6E6C6B45-503F-4994-B32E-29E0D86246F9}.AppStore|x86.Build.0 = Release|Any CPU
		{6E6C6B45-503F-4994-B32E-29E0D86246F9}.Debug|Any CPU.ActiveCfg = Debug|Any CPU
		{6E6C6B45-503F-4994-B32E-29E0D86246F9}.Debug|Any CPU.Build.0 = Debug|Any CPU
		{6E6C6B45-503F-4994-B32E-29E0D86246F9}.Debug|ARM.ActiveCfg = Debug|Any CPU
		{6E6C6B45-503F-4994-B32E-29E0D86246F9}.Debug|ARM.Build.0 = Debug|Any CPU
		{6E6C6B45-503F-4994-B32E-29E0D86246F9}.Debug|iPhone.ActiveCfg = Debug|Any CPU
		{6E6C6B45-503F-4994-B32E-29E0D86246F9}.Debug|iPhone.Build.0 = Debug|Any CPU
		{6E6C6B45-503F-4994-B32E-29E0D86246F9}.Debug|iPhoneSimulator.ActiveCfg = Debug|Any CPU
		{6E6C6B45-503F-4994-B32E-29E0D86246F9}.Debug|iPhoneSimulator.Build.0 = Debug|Any CPU
		{6E6C6B45-503F-4994-B32E-29E0D86246F9}.Debug|x64.ActiveCfg = Debug|Any CPU
		{6E6C6B45-503F-4994-B32E-29E0D86246F9}.Debug|x64.Build.0 = Debug|Any CPU
		{6E6C6B45-503F-4994-B32E-29E0D86246F9}.Debug|x86.ActiveCfg = Debug|Any CPU
		{6E6C6B45-503F-4994-B32E-29E0D86246F9}.Debug|x86.Build.0 = Debug|Any CPU
		{6E6C6B45-503F-4994-B32E-29E0D86246F9}.Release|Any CPU.ActiveCfg = Release|Any CPU
		{6E6C6B45-503F-4994-B32E-29E0D86246F9}.Release|Any CPU.Build.0 = Release|Any CPU
		{6E6C6B45-503F-4994-B32E-29E0D86246F9}.Release|ARM.ActiveCfg = Release|Any CPU
		{6E6C6B45-503F-4994-B32E-29E0D86246F9}.Release|ARM.Build.0 = Release|Any CPU
		{6E6C6B45-503F-4994-B32E-29E0D86246F9}.Release|iPhone.ActiveCfg = Release|Any CPU
		{6E6C6B45-503F-4994-B32E-29E0D86246F9}.Release|iPhone.Build.0 = Release|Any CPU
		{6E6C6B45-503F-4994-B32E-29E0D86246F9}.Release|iPhoneSimulator.ActiveCfg = Release|Any CPU
		{6E6C6B45-503F-4994-B32E-29E0D86246F9}.Release|iPhoneSimulator.Build.0 = Release|Any CPU
		{6E6C6B45-503F-4994-B32E-29E0D86246F9}.Release|x64.ActiveCfg = Release|Any CPU
		{6E6C6B45-503F-4994-B32E-29E0D86246F9}.Release|x64.Build.0 = Release|Any CPU
		{6E6C6B45-503F-4994-B32E-29E0D86246F9}.Release|x86.ActiveCfg = Release|Any CPU
		{6E6C6B45-503F-4994-B32E-29E0D86246F9}.Release|x86.Build.0 = Release|Any CPU
		{77F8CE7F-A8A9-4280-84FA-33E67D82D74C}.Ad-Hoc|Any CPU.ActiveCfg = Release|Any CPU
		{77F8CE7F-A8A9-4280-84FA-33E67D82D74C}.Ad-Hoc|Any CPU.Build.0 = Release|Any CPU
		{77F8CE7F-A8A9-4280-84FA-33E67D82D74C}.Ad-Hoc|ARM.ActiveCfg = Release|Any CPU
		{77F8CE7F-A8A9-4280-84FA-33E67D82D74C}.Ad-Hoc|ARM.Build.0 = Release|Any CPU
		{77F8CE7F-A8A9-4280-84FA-33E67D82D74C}.Ad-Hoc|iPhone.ActiveCfg = Release|Any CPU
		{77F8CE7F-A8A9-4280-84FA-33E67D82D74C}.Ad-Hoc|iPhone.Build.0 = Release|Any CPU
		{77F8CE7F-A8A9-4280-84FA-33E67D82D74C}.Ad-Hoc|iPhoneSimulator.ActiveCfg = Release|Any CPU
		{77F8CE7F-A8A9-4280-84FA-33E67D82D74C}.Ad-Hoc|iPhoneSimulator.Build.0 = Release|Any CPU
		{77F8CE7F-A8A9-4280-84FA-33E67D82D74C}.Ad-Hoc|x64.ActiveCfg = Release|Any CPU
		{77F8CE7F-A8A9-4280-84FA-33E67D82D74C}.Ad-Hoc|x64.Build.0 = Release|Any CPU
		{77F8CE7F-A8A9-4280-84FA-33E67D82D74C}.Ad-Hoc|x86.ActiveCfg = Release|Any CPU
		{77F8CE7F-A8A9-4280-84FA-33E67D82D74C}.Ad-Hoc|x86.Build.0 = Release|Any CPU
		{77F8CE7F-A8A9-4280-84FA-33E67D82D74C}.AppStore|Any CPU.ActiveCfg = Release|Any CPU
		{77F8CE7F-A8A9-4280-84FA-33E67D82D74C}.AppStore|Any CPU.Build.0 = Release|Any CPU
		{77F8CE7F-A8A9-4280-84FA-33E67D82D74C}.AppStore|ARM.ActiveCfg = Release|Any CPU
		{77F8CE7F-A8A9-4280-84FA-33E67D82D74C}.AppStore|ARM.Build.0 = Release|Any CPU
		{77F8CE7F-A8A9-4280-84FA-33E67D82D74C}.AppStore|iPhone.ActiveCfg = Release|Any CPU
		{77F8CE7F-A8A9-4280-84FA-33E67D82D74C}.AppStore|iPhone.Build.0 = Release|Any CPU
		{77F8CE7F-A8A9-4280-84FA-33E67D82D74C}.AppStore|iPhoneSimulator.ActiveCfg = Release|Any CPU
		{77F8CE7F-A8A9-4280-84FA-33E67D82D74C}.AppStore|iPhoneSimulator.Build.0 = Release|Any CPU
		{77F8CE7F-A8A9-4280-84FA-33E67D82D74C}.AppStore|x64.ActiveCfg = Release|Any CPU
		{77F8CE7F-A8A9-4280-84FA-33E67D82D74C}.AppStore|x64.Build.0 = Release|Any CPU
		{77F8CE7F-A8A9-4280-84FA-33E67D82D74C}.AppStore|x86.ActiveCfg = Release|Any CPU
		{77F8CE7F-A8A9-4280-84FA-33E67D82D74C}.AppStore|x86.Build.0 = Release|Any CPU
		{77F8CE7F-A8A9-4280-84FA-33E67D82D74C}.Debug|Any CPU.ActiveCfg = Debug|Any CPU
		{77F8CE7F-A8A9-4280-84FA-33E67D82D74C}.Debug|Any CPU.Build.0 = Debug|Any CPU
		{77F8CE7F-A8A9-4280-84FA-33E67D82D74C}.Debug|ARM.ActiveCfg = Debug|Any CPU
		{77F8CE7F-A8A9-4280-84FA-33E67D82D74C}.Debug|ARM.Build.0 = Debug|Any CPU
		{77F8CE7F-A8A9-4280-84FA-33E67D82D74C}.Debug|iPhone.ActiveCfg = Debug|Any CPU
		{77F8CE7F-A8A9-4280-84FA-33E67D82D74C}.Debug|iPhone.Build.0 = Debug|Any CPU
		{77F8CE7F-A8A9-4280-84FA-33E67D82D74C}.Debug|iPhoneSimulator.ActiveCfg = Debug|Any CPU
		{77F8CE7F-A8A9-4280-84FA-33E67D82D74C}.Debug|iPhoneSimulator.Build.0 = Debug|Any CPU
		{77F8CE7F-A8A9-4280-84FA-33E67D82D74C}.Debug|x64.ActiveCfg = Debug|Any CPU
		{77F8CE7F-A8A9-4280-84FA-33E67D82D74C}.Debug|x64.Build.0 = Debug|Any CPU
		{77F8CE7F-A8A9-4280-84FA-33E67D82D74C}.Debug|x86.ActiveCfg = Debug|Any CPU
		{77F8CE7F-A8A9-4280-84FA-33E67D82D74C}.Debug|x86.Build.0 = Debug|Any CPU
		{77F8CE7F-A8A9-4280-84FA-33E67D82D74C}.Release|Any CPU.ActiveCfg = Release|Any CPU
		{77F8CE7F-A8A9-4280-84FA-33E67D82D74C}.Release|Any CPU.Build.0 = Release|Any CPU
		{77F8CE7F-A8A9-4280-84FA-33E67D82D74C}.Release|ARM.ActiveCfg = Release|Any CPU
		{77F8CE7F-A8A9-4280-84FA-33E67D82D74C}.Release|ARM.Build.0 = Release|Any CPU
		{77F8CE7F-A8A9-4280-84FA-33E67D82D74C}.Release|iPhone.ActiveCfg = Release|Any CPU
		{77F8CE7F-A8A9-4280-84FA-33E67D82D74C}.Release|iPhone.Build.0 = Release|Any CPU
		{77F8CE7F-A8A9-4280-84FA-33E67D82D74C}.Release|iPhoneSimulator.ActiveCfg = Release|Any CPU
		{77F8CE7F-A8A9-4280-84FA-33E67D82D74C}.Release|iPhoneSimulator.Build.0 = Release|Any CPU
		{77F8CE7F-A8A9-4280-84FA-33E67D82D74C}.Release|x64.ActiveCfg = Release|Any CPU
		{77F8CE7F-A8A9-4280-84FA-33E67D82D74C}.Release|x64.Build.0 = Release|Any CPU
		{77F8CE7F-A8A9-4280-84FA-33E67D82D74C}.Release|x86.ActiveCfg = Release|Any CPU
		{77F8CE7F-A8A9-4280-84FA-33E67D82D74C}.Release|x86.Build.0 = Release|Any CPU
		{828D9A3F-626B-465E-A140-AF668183B221}.Ad-Hoc|Any CPU.ActiveCfg = Release|Any CPU
		{828D9A3F-626B-465E-A140-AF668183B221}.Ad-Hoc|Any CPU.Build.0 = Release|Any CPU
		{828D9A3F-626B-465E-A140-AF668183B221}.Ad-Hoc|ARM.ActiveCfg = Release|Any CPU
		{828D9A3F-626B-465E-A140-AF668183B221}.Ad-Hoc|ARM.Build.0 = Release|Any CPU
		{828D9A3F-626B-465E-A140-AF668183B221}.Ad-Hoc|iPhone.ActiveCfg = Release|Any CPU
		{828D9A3F-626B-465E-A140-AF668183B221}.Ad-Hoc|iPhone.Build.0 = Release|Any CPU
		{828D9A3F-626B-465E-A140-AF668183B221}.Ad-Hoc|iPhoneSimulator.ActiveCfg = Release|Any CPU
		{828D9A3F-626B-465E-A140-AF668183B221}.Ad-Hoc|iPhoneSimulator.Build.0 = Release|Any CPU
		{828D9A3F-626B-465E-A140-AF668183B221}.Ad-Hoc|x64.ActiveCfg = Release|Any CPU
		{828D9A3F-626B-465E-A140-AF668183B221}.Ad-Hoc|x64.Build.0 = Release|Any CPU
		{828D9A3F-626B-465E-A140-AF668183B221}.Ad-Hoc|x86.ActiveCfg = Release|Any CPU
		{828D9A3F-626B-465E-A140-AF668183B221}.Ad-Hoc|x86.Build.0 = Release|Any CPU
		{828D9A3F-626B-465E-A140-AF668183B221}.AppStore|Any CPU.ActiveCfg = Release|Any CPU
		{828D9A3F-626B-465E-A140-AF668183B221}.AppStore|Any CPU.Build.0 = Release|Any CPU
		{828D9A3F-626B-465E-A140-AF668183B221}.AppStore|ARM.ActiveCfg = Release|Any CPU
		{828D9A3F-626B-465E-A140-AF668183B221}.AppStore|ARM.Build.0 = Release|Any CPU
		{828D9A3F-626B-465E-A140-AF668183B221}.AppStore|iPhone.ActiveCfg = Release|Any CPU
		{828D9A3F-626B-465E-A140-AF668183B221}.AppStore|iPhone.Build.0 = Release|Any CPU
		{828D9A3F-626B-465E-A140-AF668183B221}.AppStore|iPhoneSimulator.ActiveCfg = Release|Any CPU
		{828D9A3F-626B-465E-A140-AF668183B221}.AppStore|iPhoneSimulator.Build.0 = Release|Any CPU
		{828D9A3F-626B-465E-A140-AF668183B221}.AppStore|x64.ActiveCfg = Release|Any CPU
		{828D9A3F-626B-465E-A140-AF668183B221}.AppStore|x64.Build.0 = Release|Any CPU
		{828D9A3F-626B-465E-A140-AF668183B221}.AppStore|x86.ActiveCfg = Release|Any CPU
		{828D9A3F-626B-465E-A140-AF668183B221}.AppStore|x86.Build.0 = Release|Any CPU
		{828D9A3F-626B-465E-A140-AF668183B221}.Debug|Any CPU.ActiveCfg = Debug|Any CPU
		{828D9A3F-626B-465E-A140-AF668183B221}.Debug|Any CPU.Build.0 = Debug|Any CPU
		{828D9A3F-626B-465E-A140-AF668183B221}.Debug|ARM.ActiveCfg = Debug|Any CPU
		{828D9A3F-626B-465E-A140-AF668183B221}.Debug|ARM.Build.0 = Debug|Any CPU
		{828D9A3F-626B-465E-A140-AF668183B221}.Debug|iPhone.ActiveCfg = Debug|Any CPU
		{828D9A3F-626B-465E-A140-AF668183B221}.Debug|iPhone.Build.0 = Debug|Any CPU
		{828D9A3F-626B-465E-A140-AF668183B221}.Debug|iPhoneSimulator.ActiveCfg = Debug|Any CPU
		{828D9A3F-626B-465E-A140-AF668183B221}.Debug|iPhoneSimulator.Build.0 = Debug|Any CPU
		{828D9A3F-626B-465E-A140-AF668183B221}.Debug|x64.ActiveCfg = Debug|Any CPU
		{828D9A3F-626B-465E-A140-AF668183B221}.Debug|x64.Build.0 = Debug|Any CPU
		{828D9A3F-626B-465E-A140-AF668183B221}.Debug|x86.ActiveCfg = Debug|Any CPU
		{828D9A3F-626B-465E-A140-AF668183B221}.Debug|x86.Build.0 = Debug|Any CPU
		{828D9A3F-626B-465E-A140-AF668183B221}.Release|Any CPU.ActiveCfg = Release|Any CPU
		{828D9A3F-626B-465E-A140-AF668183B221}.Release|Any CPU.Build.0 = Release|Any CPU
		{828D9A3F-626B-465E-A140-AF668183B221}.Release|ARM.ActiveCfg = Release|Any CPU
		{828D9A3F-626B-465E-A140-AF668183B221}.Release|ARM.Build.0 = Release|Any CPU
		{828D9A3F-626B-465E-A140-AF668183B221}.Release|iPhone.ActiveCfg = Release|Any CPU
		{828D9A3F-626B-465E-A140-AF668183B221}.Release|iPhone.Build.0 = Release|Any CPU
		{828D9A3F-626B-465E-A140-AF668183B221}.Release|iPhoneSimulator.ActiveCfg = Release|Any CPU
		{828D9A3F-626B-465E-A140-AF668183B221}.Release|iPhoneSimulator.Build.0 = Release|Any CPU
		{828D9A3F-626B-465E-A140-AF668183B221}.Release|x64.ActiveCfg = Release|Any CPU
		{828D9A3F-626B-465E-A140-AF668183B221}.Release|x64.Build.0 = Release|Any CPU
		{828D9A3F-626B-465E-A140-AF668183B221}.Release|x86.ActiveCfg = Release|Any CPU
		{828D9A3F-626B-465E-A140-AF668183B221}.Release|x86.Build.0 = Release|Any CPU
		{63710D80-F2D5-4D3D-8A49-30488BB15146}.Ad-Hoc|Any CPU.ActiveCfg = Debug|Any CPU
		{63710D80-F2D5-4D3D-8A49-30488BB15146}.Ad-Hoc|Any CPU.Build.0 = Debug|Any CPU
		{63710D80-F2D5-4D3D-8A49-30488BB15146}.Ad-Hoc|ARM.ActiveCfg = Debug|Any CPU
		{63710D80-F2D5-4D3D-8A49-30488BB15146}.Ad-Hoc|ARM.Build.0 = Debug|Any CPU
		{63710D80-F2D5-4D3D-8A49-30488BB15146}.Ad-Hoc|iPhone.ActiveCfg = Debug|Any CPU
		{63710D80-F2D5-4D3D-8A49-30488BB15146}.Ad-Hoc|iPhone.Build.0 = Debug|Any CPU
		{63710D80-F2D5-4D3D-8A49-30488BB15146}.Ad-Hoc|iPhoneSimulator.ActiveCfg = Debug|Any CPU
		{63710D80-F2D5-4D3D-8A49-30488BB15146}.Ad-Hoc|iPhoneSimulator.Build.0 = Debug|Any CPU
		{63710D80-F2D5-4D3D-8A49-30488BB15146}.Ad-Hoc|x64.ActiveCfg = Debug|Any CPU
		{63710D80-F2D5-4D3D-8A49-30488BB15146}.Ad-Hoc|x64.Build.0 = Debug|Any CPU
		{63710D80-F2D5-4D3D-8A49-30488BB15146}.Ad-Hoc|x86.ActiveCfg = Debug|Any CPU
		{63710D80-F2D5-4D3D-8A49-30488BB15146}.Ad-Hoc|x86.Build.0 = Debug|Any CPU
		{63710D80-F2D5-4D3D-8A49-30488BB15146}.AppStore|Any CPU.ActiveCfg = Debug|Any CPU
		{63710D80-F2D5-4D3D-8A49-30488BB15146}.AppStore|Any CPU.Build.0 = Debug|Any CPU
		{63710D80-F2D5-4D3D-8A49-30488BB15146}.AppStore|ARM.ActiveCfg = Debug|Any CPU
		{63710D80-F2D5-4D3D-8A49-30488BB15146}.AppStore|ARM.Build.0 = Debug|Any CPU
		{63710D80-F2D5-4D3D-8A49-30488BB15146}.AppStore|iPhone.ActiveCfg = Debug|Any CPU
		{63710D80-F2D5-4D3D-8A49-30488BB15146}.AppStore|iPhone.Build.0 = Debug|Any CPU
		{63710D80-F2D5-4D3D-8A49-30488BB15146}.AppStore|iPhoneSimulator.ActiveCfg = Debug|Any CPU
		{63710D80-F2D5-4D3D-8A49-30488BB15146}.AppStore|iPhoneSimulator.Build.0 = Debug|Any CPU
		{63710D80-F2D5-4D3D-8A49-30488BB15146}.AppStore|x64.ActiveCfg = Debug|Any CPU
		{63710D80-F2D5-4D3D-8A49-30488BB15146}.AppStore|x64.Build.0 = Debug|Any CPU
		{63710D80-F2D5-4D3D-8A49-30488BB15146}.AppStore|x86.ActiveCfg = Debug|Any CPU
		{63710D80-F2D5-4D3D-8A49-30488BB15146}.AppStore|x86.Build.0 = Debug|Any CPU
		{63710D80-F2D5-4D3D-8A49-30488BB15146}.Debug|Any CPU.ActiveCfg = Debug|Any CPU
		{63710D80-F2D5-4D3D-8A49-30488BB15146}.Debug|Any CPU.Build.0 = Debug|Any CPU
		{63710D80-F2D5-4D3D-8A49-30488BB15146}.Debug|ARM.ActiveCfg = Debug|Any CPU
		{63710D80-F2D5-4D3D-8A49-30488BB15146}.Debug|ARM.Build.0 = Debug|Any CPU
		{63710D80-F2D5-4D3D-8A49-30488BB15146}.Debug|iPhone.ActiveCfg = Debug|Any CPU
		{63710D80-F2D5-4D3D-8A49-30488BB15146}.Debug|iPhone.Build.0 = Debug|Any CPU
		{63710D80-F2D5-4D3D-8A49-30488BB15146}.Debug|iPhoneSimulator.ActiveCfg = Debug|Any CPU
		{63710D80-F2D5-4D3D-8A49-30488BB15146}.Debug|iPhoneSimulator.Build.0 = Debug|Any CPU
		{63710D80-F2D5-4D3D-8A49-30488BB15146}.Debug|x64.ActiveCfg = Debug|Any CPU
		{63710D80-F2D5-4D3D-8A49-30488BB15146}.Debug|x64.Build.0 = Debug|Any CPU
		{63710D80-F2D5-4D3D-8A49-30488BB15146}.Debug|x86.ActiveCfg = Debug|Any CPU
		{63710D80-F2D5-4D3D-8A49-30488BB15146}.Debug|x86.Build.0 = Debug|Any CPU
		{63710D80-F2D5-4D3D-8A49-30488BB15146}.Release|Any CPU.ActiveCfg = Release|Any CPU
		{63710D80-F2D5-4D3D-8A49-30488BB15146}.Release|Any CPU.Build.0 = Release|Any CPU
		{63710D80-F2D5-4D3D-8A49-30488BB15146}.Release|ARM.ActiveCfg = Release|Any CPU
		{63710D80-F2D5-4D3D-8A49-30488BB15146}.Release|ARM.Build.0 = Release|Any CPU
		{63710D80-F2D5-4D3D-8A49-30488BB15146}.Release|iPhone.ActiveCfg = Release|Any CPU
		{63710D80-F2D5-4D3D-8A49-30488BB15146}.Release|iPhone.Build.0 = Release|Any CPU
		{63710D80-F2D5-4D3D-8A49-30488BB15146}.Release|iPhoneSimulator.ActiveCfg = Release|Any CPU
		{63710D80-F2D5-4D3D-8A49-30488BB15146}.Release|iPhoneSimulator.Build.0 = Release|Any CPU
		{63710D80-F2D5-4D3D-8A49-30488BB15146}.Release|x64.ActiveCfg = Release|Any CPU
		{63710D80-F2D5-4D3D-8A49-30488BB15146}.Release|x64.Build.0 = Release|Any CPU
		{63710D80-F2D5-4D3D-8A49-30488BB15146}.Release|x86.ActiveCfg = Release|Any CPU
		{63710D80-F2D5-4D3D-8A49-30488BB15146}.Release|x86.Build.0 = Release|Any CPU
		{DD6A77FA-2D2C-4344-A43B-B8D483ADA738}.Ad-Hoc|Any CPU.ActiveCfg = Debug|Any CPU
		{DD6A77FA-2D2C-4344-A43B-B8D483ADA738}.Ad-Hoc|Any CPU.Build.0 = Debug|Any CPU
		{DD6A77FA-2D2C-4344-A43B-B8D483ADA738}.Ad-Hoc|ARM.ActiveCfg = Debug|Any CPU
		{DD6A77FA-2D2C-4344-A43B-B8D483ADA738}.Ad-Hoc|ARM.Build.0 = Debug|Any CPU
		{DD6A77FA-2D2C-4344-A43B-B8D483ADA738}.Ad-Hoc|iPhone.ActiveCfg = Debug|Any CPU
		{DD6A77FA-2D2C-4344-A43B-B8D483ADA738}.Ad-Hoc|iPhone.Build.0 = Debug|Any CPU
		{DD6A77FA-2D2C-4344-A43B-B8D483ADA738}.Ad-Hoc|iPhoneSimulator.ActiveCfg = Debug|Any CPU
		{DD6A77FA-2D2C-4344-A43B-B8D483ADA738}.Ad-Hoc|iPhoneSimulator.Build.0 = Debug|Any CPU
		{DD6A77FA-2D2C-4344-A43B-B8D483ADA738}.Ad-Hoc|x64.ActiveCfg = Debug|Any CPU
		{DD6A77FA-2D2C-4344-A43B-B8D483ADA738}.Ad-Hoc|x64.Build.0 = Debug|Any CPU
		{DD6A77FA-2D2C-4344-A43B-B8D483ADA738}.Ad-Hoc|x86.ActiveCfg = Debug|Any CPU
		{DD6A77FA-2D2C-4344-A43B-B8D483ADA738}.Ad-Hoc|x86.Build.0 = Debug|Any CPU
		{DD6A77FA-2D2C-4344-A43B-B8D483ADA738}.AppStore|Any CPU.ActiveCfg = Debug|Any CPU
		{DD6A77FA-2D2C-4344-A43B-B8D483ADA738}.AppStore|Any CPU.Build.0 = Debug|Any CPU
		{DD6A77FA-2D2C-4344-A43B-B8D483ADA738}.AppStore|ARM.ActiveCfg = Debug|Any CPU
		{DD6A77FA-2D2C-4344-A43B-B8D483ADA738}.AppStore|ARM.Build.0 = Debug|Any CPU
		{DD6A77FA-2D2C-4344-A43B-B8D483ADA738}.AppStore|iPhone.ActiveCfg = Debug|Any CPU
		{DD6A77FA-2D2C-4344-A43B-B8D483ADA738}.AppStore|iPhone.Build.0 = Debug|Any CPU
		{DD6A77FA-2D2C-4344-A43B-B8D483ADA738}.AppStore|iPhoneSimulator.ActiveCfg = Debug|Any CPU
		{DD6A77FA-2D2C-4344-A43B-B8D483ADA738}.AppStore|iPhoneSimulator.Build.0 = Debug|Any CPU
		{DD6A77FA-2D2C-4344-A43B-B8D483ADA738}.AppStore|x64.ActiveCfg = Debug|Any CPU
		{DD6A77FA-2D2C-4344-A43B-B8D483ADA738}.AppStore|x64.Build.0 = Debug|Any CPU
		{DD6A77FA-2D2C-4344-A43B-B8D483ADA738}.AppStore|x86.ActiveCfg = Debug|Any CPU
		{DD6A77FA-2D2C-4344-A43B-B8D483ADA738}.AppStore|x86.Build.0 = Debug|Any CPU
		{DD6A77FA-2D2C-4344-A43B-B8D483ADA738}.Debug|Any CPU.ActiveCfg = Debug|Any CPU
		{DD6A77FA-2D2C-4344-A43B-B8D483ADA738}.Debug|Any CPU.Build.0 = Debug|Any CPU
		{DD6A77FA-2D2C-4344-A43B-B8D483ADA738}.Debug|ARM.ActiveCfg = Debug|Any CPU
		{DD6A77FA-2D2C-4344-A43B-B8D483ADA738}.Debug|ARM.Build.0 = Debug|Any CPU
		{DD6A77FA-2D2C-4344-A43B-B8D483ADA738}.Debug|iPhone.ActiveCfg = Debug|Any CPU
		{DD6A77FA-2D2C-4344-A43B-B8D483ADA738}.Debug|iPhone.Build.0 = Debug|Any CPU
		{DD6A77FA-2D2C-4344-A43B-B8D483ADA738}.Debug|iPhoneSimulator.ActiveCfg = Debug|Any CPU
		{DD6A77FA-2D2C-4344-A43B-B8D483ADA738}.Debug|iPhoneSimulator.Build.0 = Debug|Any CPU
		{DD6A77FA-2D2C-4344-A43B-B8D483ADA738}.Debug|x64.ActiveCfg = Debug|Any CPU
		{DD6A77FA-2D2C-4344-A43B-B8D483ADA738}.Debug|x64.Build.0 = Debug|Any CPU
		{DD6A77FA-2D2C-4344-A43B-B8D483ADA738}.Debug|x86.ActiveCfg = Debug|Any CPU
		{DD6A77FA-2D2C-4344-A43B-B8D483ADA738}.Debug|x86.Build.0 = Debug|Any CPU
		{DD6A77FA-2D2C-4344-A43B-B8D483ADA738}.Release|Any CPU.ActiveCfg = Release|Any CPU
		{DD6A77FA-2D2C-4344-A43B-B8D483ADA738}.Release|Any CPU.Build.0 = Release|Any CPU
		{DD6A77FA-2D2C-4344-A43B-B8D483ADA738}.Release|ARM.ActiveCfg = Release|Any CPU
		{DD6A77FA-2D2C-4344-A43B-B8D483ADA738}.Release|ARM.Build.0 = Release|Any CPU
		{DD6A77FA-2D2C-4344-A43B-B8D483ADA738}.Release|iPhone.ActiveCfg = Release|Any CPU
		{DD6A77FA-2D2C-4344-A43B-B8D483ADA738}.Release|iPhone.Build.0 = Release|Any CPU
		{DD6A77FA-2D2C-4344-A43B-B8D483ADA738}.Release|iPhoneSimulator.ActiveCfg = Release|Any CPU
		{DD6A77FA-2D2C-4344-A43B-B8D483ADA738}.Release|iPhoneSimulator.Build.0 = Release|Any CPU
		{DD6A77FA-2D2C-4344-A43B-B8D483ADA738}.Release|x64.ActiveCfg = Release|Any CPU
		{DD6A77FA-2D2C-4344-A43B-B8D483ADA738}.Release|x64.Build.0 = Release|Any CPU
		{DD6A77FA-2D2C-4344-A43B-B8D483ADA738}.Release|x86.ActiveCfg = Release|Any CPU
		{DD6A77FA-2D2C-4344-A43B-B8D483ADA738}.Release|x86.Build.0 = Release|Any CPU
		{C54E76DC-D172-4A1E-85A6-04F51C1398E6}.Ad-Hoc|Any CPU.ActiveCfg = Debug|Any CPU
		{C54E76DC-D172-4A1E-85A6-04F51C1398E6}.Ad-Hoc|Any CPU.Build.0 = Debug|Any CPU
		{C54E76DC-D172-4A1E-85A6-04F51C1398E6}.Ad-Hoc|ARM.ActiveCfg = Debug|Any CPU
		{C54E76DC-D172-4A1E-85A6-04F51C1398E6}.Ad-Hoc|ARM.Build.0 = Debug|Any CPU
		{C54E76DC-D172-4A1E-85A6-04F51C1398E6}.Ad-Hoc|iPhone.ActiveCfg = Debug|Any CPU
		{C54E76DC-D172-4A1E-85A6-04F51C1398E6}.Ad-Hoc|iPhone.Build.0 = Debug|Any CPU
		{C54E76DC-D172-4A1E-85A6-04F51C1398E6}.Ad-Hoc|iPhoneSimulator.ActiveCfg = Debug|Any CPU
		{C54E76DC-D172-4A1E-85A6-04F51C1398E6}.Ad-Hoc|iPhoneSimulator.Build.0 = Debug|Any CPU
		{C54E76DC-D172-4A1E-85A6-04F51C1398E6}.Ad-Hoc|x64.ActiveCfg = Debug|Any CPU
		{C54E76DC-D172-4A1E-85A6-04F51C1398E6}.Ad-Hoc|x64.Build.0 = Debug|Any CPU
		{C54E76DC-D172-4A1E-85A6-04F51C1398E6}.Ad-Hoc|x86.ActiveCfg = Debug|Any CPU
		{C54E76DC-D172-4A1E-85A6-04F51C1398E6}.Ad-Hoc|x86.Build.0 = Debug|Any CPU
		{C54E76DC-D172-4A1E-85A6-04F51C1398E6}.AppStore|Any CPU.ActiveCfg = Debug|Any CPU
		{C54E76DC-D172-4A1E-85A6-04F51C1398E6}.AppStore|Any CPU.Build.0 = Debug|Any CPU
		{C54E76DC-D172-4A1E-85A6-04F51C1398E6}.AppStore|ARM.ActiveCfg = Debug|Any CPU
		{C54E76DC-D172-4A1E-85A6-04F51C1398E6}.AppStore|ARM.Build.0 = Debug|Any CPU
		{C54E76DC-D172-4A1E-85A6-04F51C1398E6}.AppStore|iPhone.ActiveCfg = Debug|Any CPU
		{C54E76DC-D172-4A1E-85A6-04F51C1398E6}.AppStore|iPhone.Build.0 = Debug|Any CPU
		{C54E76DC-D172-4A1E-85A6-04F51C1398E6}.AppStore|iPhoneSimulator.ActiveCfg = Debug|Any CPU
		{C54E76DC-D172-4A1E-85A6-04F51C1398E6}.AppStore|iPhoneSimulator.Build.0 = Debug|Any CPU
		{C54E76DC-D172-4A1E-85A6-04F51C1398E6}.AppStore|x64.ActiveCfg = Debug|Any CPU
		{C54E76DC-D172-4A1E-85A6-04F51C1398E6}.AppStore|x64.Build.0 = Debug|Any CPU
		{C54E76DC-D172-4A1E-85A6-04F51C1398E6}.AppStore|x86.ActiveCfg = Debug|Any CPU
		{C54E76DC-D172-4A1E-85A6-04F51C1398E6}.AppStore|x86.Build.0 = Debug|Any CPU
		{C54E76DC-D172-4A1E-85A6-04F51C1398E6}.Debug|Any CPU.ActiveCfg = Debug|Any CPU
		{C54E76DC-D172-4A1E-85A6-04F51C1398E6}.Debug|Any CPU.Build.0 = Debug|Any CPU
		{C54E76DC-D172-4A1E-85A6-04F51C1398E6}.Debug|ARM.ActiveCfg = Debug|Any CPU
		{C54E76DC-D172-4A1E-85A6-04F51C1398E6}.Debug|ARM.Build.0 = Debug|Any CPU
		{C54E76DC-D172-4A1E-85A6-04F51C1398E6}.Debug|iPhone.ActiveCfg = Debug|Any CPU
		{C54E76DC-D172-4A1E-85A6-04F51C1398E6}.Debug|iPhone.Build.0 = Debug|Any CPU
		{C54E76DC-D172-4A1E-85A6-04F51C1398E6}.Debug|iPhoneSimulator.ActiveCfg = Debug|Any CPU
		{C54E76DC-D172-4A1E-85A6-04F51C1398E6}.Debug|iPhoneSimulator.Build.0 = Debug|Any CPU
		{C54E76DC-D172-4A1E-85A6-04F51C1398E6}.Debug|x64.ActiveCfg = Debug|Any CPU
		{C54E76DC-D172-4A1E-85A6-04F51C1398E6}.Debug|x64.Build.0 = Debug|Any CPU
		{C54E76DC-D172-4A1E-85A6-04F51C1398E6}.Debug|x86.ActiveCfg = Debug|Any CPU
		{C54E76DC-D172-4A1E-85A6-04F51C1398E6}.Debug|x86.Build.0 = Debug|Any CPU
		{C54E76DC-D172-4A1E-85A6-04F51C1398E6}.Release|Any CPU.ActiveCfg = Release|Any CPU
		{C54E76DC-D172-4A1E-85A6-04F51C1398E6}.Release|Any CPU.Build.0 = Release|Any CPU
		{C54E76DC-D172-4A1E-85A6-04F51C1398E6}.Release|ARM.ActiveCfg = Release|Any CPU
		{C54E76DC-D172-4A1E-85A6-04F51C1398E6}.Release|ARM.Build.0 = Release|Any CPU
		{C54E76DC-D172-4A1E-85A6-04F51C1398E6}.Release|iPhone.ActiveCfg = Release|Any CPU
		{C54E76DC-D172-4A1E-85A6-04F51C1398E6}.Release|iPhone.Build.0 = Release|Any CPU
		{C54E76DC-D172-4A1E-85A6-04F51C1398E6}.Release|iPhoneSimulator.ActiveCfg = Release|Any CPU
		{C54E76DC-D172-4A1E-85A6-04F51C1398E6}.Release|iPhoneSimulator.Build.0 = Release|Any CPU
		{C54E76DC-D172-4A1E-85A6-04F51C1398E6}.Release|x64.ActiveCfg = Release|Any CPU
		{C54E76DC-D172-4A1E-85A6-04F51C1398E6}.Release|x64.Build.0 = Release|Any CPU
		{C54E76DC-D172-4A1E-85A6-04F51C1398E6}.Release|x86.ActiveCfg = Release|Any CPU
		{C54E76DC-D172-4A1E-85A6-04F51C1398E6}.Release|x86.Build.0 = Release|Any CPU
		{8EDF4429-251A-416D-BB68-93F227191BCF}.Ad-Hoc|Any CPU.ActiveCfg = Release|Any CPU
		{8EDF4429-251A-416D-BB68-93F227191BCF}.Ad-Hoc|Any CPU.Build.0 = Release|Any CPU
		{8EDF4429-251A-416D-BB68-93F227191BCF}.Ad-Hoc|ARM.ActiveCfg = Release|Any CPU
		{8EDF4429-251A-416D-BB68-93F227191BCF}.Ad-Hoc|ARM.Build.0 = Release|Any CPU
		{8EDF4429-251A-416D-BB68-93F227191BCF}.Ad-Hoc|iPhone.ActiveCfg = Release|Any CPU
		{8EDF4429-251A-416D-BB68-93F227191BCF}.Ad-Hoc|iPhone.Build.0 = Release|Any CPU
		{8EDF4429-251A-416D-BB68-93F227191BCF}.Ad-Hoc|iPhoneSimulator.ActiveCfg = Release|Any CPU
		{8EDF4429-251A-416D-BB68-93F227191BCF}.Ad-Hoc|iPhoneSimulator.Build.0 = Release|Any CPU
		{8EDF4429-251A-416D-BB68-93F227191BCF}.Ad-Hoc|x64.ActiveCfg = Release|Any CPU
		{8EDF4429-251A-416D-BB68-93F227191BCF}.Ad-Hoc|x64.Build.0 = Release|Any CPU
		{8EDF4429-251A-416D-BB68-93F227191BCF}.Ad-Hoc|x86.ActiveCfg = Release|Any CPU
		{8EDF4429-251A-416D-BB68-93F227191BCF}.Ad-Hoc|x86.Build.0 = Release|Any CPU
		{8EDF4429-251A-416D-BB68-93F227191BCF}.AppStore|Any CPU.ActiveCfg = Release|Any CPU
		{8EDF4429-251A-416D-BB68-93F227191BCF}.AppStore|Any CPU.Build.0 = Release|Any CPU
		{8EDF4429-251A-416D-BB68-93F227191BCF}.AppStore|ARM.ActiveCfg = Release|Any CPU
		{8EDF4429-251A-416D-BB68-93F227191BCF}.AppStore|ARM.Build.0 = Release|Any CPU
		{8EDF4429-251A-416D-BB68-93F227191BCF}.AppStore|iPhone.ActiveCfg = Release|Any CPU
		{8EDF4429-251A-416D-BB68-93F227191BCF}.AppStore|iPhone.Build.0 = Release|Any CPU
		{8EDF4429-251A-416D-BB68-93F227191BCF}.AppStore|iPhoneSimulator.ActiveCfg = Release|Any CPU
		{8EDF4429-251A-416D-BB68-93F227191BCF}.AppStore|iPhoneSimulator.Build.0 = Release|Any CPU
		{8EDF4429-251A-416D-BB68-93F227191BCF}.AppStore|x64.ActiveCfg = Release|Any CPU
		{8EDF4429-251A-416D-BB68-93F227191BCF}.AppStore|x64.Build.0 = Release|Any CPU
		{8EDF4429-251A-416D-BB68-93F227191BCF}.AppStore|x86.ActiveCfg = Release|Any CPU
		{8EDF4429-251A-416D-BB68-93F227191BCF}.AppStore|x86.Build.0 = Release|Any CPU
		{8EDF4429-251A-416D-BB68-93F227191BCF}.Debug|Any CPU.ActiveCfg = Debug|Any CPU
		{8EDF4429-251A-416D-BB68-93F227191BCF}.Debug|Any CPU.Build.0 = Debug|Any CPU
		{8EDF4429-251A-416D-BB68-93F227191BCF}.Debug|ARM.ActiveCfg = Debug|Any CPU
		{8EDF4429-251A-416D-BB68-93F227191BCF}.Debug|ARM.Build.0 = Debug|Any CPU
		{8EDF4429-251A-416D-BB68-93F227191BCF}.Debug|iPhone.ActiveCfg = Debug|Any CPU
		{8EDF4429-251A-416D-BB68-93F227191BCF}.Debug|iPhone.Build.0 = Debug|Any CPU
		{8EDF4429-251A-416D-BB68-93F227191BCF}.Debug|iPhoneSimulator.ActiveCfg = Debug|Any CPU
		{8EDF4429-251A-416D-BB68-93F227191BCF}.Debug|iPhoneSimulator.Build.0 = Debug|Any CPU
		{8EDF4429-251A-416D-BB68-93F227191BCF}.Debug|x64.ActiveCfg = Debug|Any CPU
		{8EDF4429-251A-416D-BB68-93F227191BCF}.Debug|x64.Build.0 = Debug|Any CPU
		{8EDF4429-251A-416D-BB68-93F227191BCF}.Debug|x86.ActiveCfg = Debug|Any CPU
		{8EDF4429-251A-416D-BB68-93F227191BCF}.Debug|x86.Build.0 = Debug|Any CPU
		{8EDF4429-251A-416D-BB68-93F227191BCF}.Release|Any CPU.ActiveCfg = Release|Any CPU
		{8EDF4429-251A-416D-BB68-93F227191BCF}.Release|Any CPU.Build.0 = Release|Any CPU
		{8EDF4429-251A-416D-BB68-93F227191BCF}.Release|ARM.ActiveCfg = Release|Any CPU
		{8EDF4429-251A-416D-BB68-93F227191BCF}.Release|ARM.Build.0 = Release|Any CPU
		{8EDF4429-251A-416D-BB68-93F227191BCF}.Release|iPhone.ActiveCfg = Release|Any CPU
		{8EDF4429-251A-416D-BB68-93F227191BCF}.Release|iPhone.Build.0 = Release|Any CPU
		{8EDF4429-251A-416D-BB68-93F227191BCF}.Release|iPhoneSimulator.ActiveCfg = Release|Any CPU
		{8EDF4429-251A-416D-BB68-93F227191BCF}.Release|iPhoneSimulator.Build.0 = Release|Any CPU
		{8EDF4429-251A-416D-BB68-93F227191BCF}.Release|x64.ActiveCfg = Release|Any CPU
		{8EDF4429-251A-416D-BB68-93F227191BCF}.Release|x64.Build.0 = Release|Any CPU
		{8EDF4429-251A-416D-BB68-93F227191BCF}.Release|x86.ActiveCfg = Release|Any CPU
		{8EDF4429-251A-416D-BB68-93F227191BCF}.Release|x86.Build.0 = Release|Any CPU
	EndGlobalSection
	GlobalSection(SolutionProperties) = preSolution
		HideSolutionNode = FALSE
	EndGlobalSection
	GlobalSection(NestedProjects) = preSolution
		{77F8CE7F-A8A9-4280-84FA-33E67D82D74C} = {1B3E21DE-15F0-4570-9564-E50D0C2D5C06}
		{828D9A3F-626B-465E-A140-AF668183B221} = {1B3E21DE-15F0-4570-9564-E50D0C2D5C06}
		{63710D80-F2D5-4D3D-8A49-30488BB15146} = {1B3E21DE-15F0-4570-9564-E50D0C2D5C06}
		{DD6A77FA-2D2C-4344-A43B-B8D483ADA738} = {1B3E21DE-15F0-4570-9564-E50D0C2D5C06}
		{C54E76DC-D172-4A1E-85A6-04F51C1398E6} = {1B3E21DE-15F0-4570-9564-E50D0C2D5C06}
	EndGlobalSection
	GlobalSection(ExtensibilityGlobals) = postSolution
		SolutionGuid = {47BF71ED-D382-47F0-B413-5428452F3DFF}
	EndGlobalSection
EndGlobal
