
Microsoft Visual Studio Solution File, Format Version 12.00
# Visual Studio 15
VisualStudioVersion = 15.0.27130.2024
MinimumVisualStudioVersion = 10.0.40219.1
Project("{9A19103F-16F7-4668-BE54-9A1E7A4F7556}") = "AfricasTalkingCS", "AfricasTalkingCS\AfricasTalkingCS.csproj", "{6E6C6B45-503F-4994-B32E-29E0D86246F9}"
EndProject
Project("{2150E333-8FDC-42A3-9474-1A3956D46DE8}") = "Examples", "Examples", "{1B3E21DE-15F0-4570-9564-E50D0C2D5C06}"
EndProject
Project("{9A19103F-16F7-4668-BE54-9A1E7A4F7556}") = "SampleSMSApp", "Examples\ConsoleApp1\SampleSMSApp.csproj", "{77F8CE7F-A8A9-4280-84FA-33E67D82D74C}"
EndProject
Project("{9A19103F-16F7-4668-BE54-9A1E7A4F7556}") = "SampleC2BApp", "Examples\ConsoleApp2\SampleC2BApp.csproj", "{828D9A3F-626B-465E-A140-AF668183B221}"
EndProject
Project("{2150E333-8FDC-42A3-9474-1A3956D46DE8}") = "Solution Items", "Solution Items", "{953AEF7B-BDE8-481A-A2A1-DAD8064EF070}"
	ProjectSection(SolutionItems) = preProject
		.gitignore = .gitignore
		LICENSE = LICENSE
		README.md = README.md
		V.nuspec = V.nuspec
	EndProjectSection
EndProject
Project("{9A19103F-16F7-4668-BE54-9A1E7A4F7556}") = "SampleB2C", "Examples\SampleB2C\SampleB2C.csproj", "{63710D80-F2D5-4D3D-8A49-30488BB15146}"
EndProject
Project("{9A19103F-16F7-4668-BE54-9A1E7A4F7556}") = "AirtimeSample", "Examples\AirtimeSample\AirtimeSample.csproj", "{842EC23A-95E9-4BAC-B52B-349CA26617F8}"
EndProject
Project("{9A19103F-16F7-4668-BE54-9A1E7A4F7556}") = "GetUser Balance", "Examples\GetUser Balance\GetUser Balance.csproj", "{C7A85CBD-ADCC-43EE-A349-8C52E99AD7A1}"
EndProject
Project("{9A19103F-16F7-4668-BE54-9A1E7A4F7556}") = "CreateSubscription", "Examples\CreateSubscription\CreateSubscription.csproj", "{4B257409-7684-4F0D-991F-105342FF1BE2}"
EndProject
Project("{9A19103F-16F7-4668-BE54-9A1E7A4F7556}") = "SendPremiumSMS", "Examples\SendPremiumSMS\SendPremiumSMS.csproj", "{9146F67D-2614-4713-837D-E88C38CEECC5}"
EndProject
Project("{9A19103F-16F7-4668-BE54-9A1E7A4F7556}") = "Voice.MakeCall", "Examples\Voice.MakeCall\Voice.MakeCall.csproj", "{2A5BA5DD-3E47-4727-9F99-B01ED78640AE}"
EndProject
Project("{9A19103F-16F7-4668-BE54-9A1E7A4F7556}") = "OTPCardValidation", "Examples\OTPCardValidation\OTPCardValidation.csproj", "{65AE9BE9-7BE2-43E4-953C-F357DD472A60}"
EndProject
Project("{9A19103F-16F7-4668-BE54-9A1E7A4F7556}") = "ValidateCardOTPOnly", "Examples\ValidateCardOTPOnly\ValidateCardOTPOnly.csproj", "{BC0AE41B-B446-4CA7-BAA1-501762986D17}"
EndProject
Project("{9A19103F-16F7-4668-BE54-9A1E7A4F7556}") = "BankTransfer", "Examples\BankTransfer\BankTransfer.csproj", "{0597F869-DCB7-4DAA-8ACF-1A3E0B6C5A17}"
EndProject
Project("{9A19103F-16F7-4668-BE54-9A1E7A4F7556}") = "BankCheckout", "Examples\BankCheckout\BankCheckout.csproj", "{6A2DE697-FA20-45CA-9E81-BF42CED53FA8}"
EndProject
Project("{9A19103F-16F7-4668-BE54-9A1E7A4F7556}") = "CreateToken", "Examples\CreateToken\CreateToken.csproj", "{601D0AA3-C91E-4659-BE7D-CACE1CC91262}"
EndProject
Project("{9A19103F-16F7-4668-BE54-9A1E7A4F7556}") = "USSDPushSample", "Examples\USSDPushSample\USSDPushSample.csproj", "{27953C1E-6F4D-47F5-9891-9AAC1C540E42}"
EndProject
Project("{9A19103F-16F7-4668-BE54-9A1E7A4F7556}") = "FetchMessages", "Examples\FetchMessages\FetchMessages.csproj", "{A3BCA559-5E99-445E-B338-66A7DAE6C825}"
EndProject
Project("{9A19103F-16F7-4668-BE54-9A1E7A4F7556}") = "SandboxDefaultEnv", "Examples\SandboxDefaultEnv\SandboxDefaultEnv.csproj", "{667990F0-031C-435E-B204-915E3E63A895}"
EndProject
Project("{FAE04EC0-301F-11D3-BF4B-00C04F79EFBC}") = "SampleBulkSms", "Examples\SampleBulkSms\SampleBulkSms.csproj", "{7C3CDAF4-78BA-40E7-AADF-CCBF04B82C72}"
EndProject
Project("{9A19103F-16F7-4668-BE54-9A1E7A4F7556}") = "AfricasTalkingCS.Tests", "AfricasTalkingCS.Tests\AfricasTalkingCS.Tests.csproj", "{92BC088A-ABA2-4C23-A250-29C5581EBAA9}"
EndProject
Global
	GlobalSection(SolutionConfigurationPlatforms) = preSolution
		Ad-Hoc|Any CPU = Ad-Hoc|Any CPU
		Ad-Hoc|ARM = Ad-Hoc|ARM
		Ad-Hoc|iPhone = Ad-Hoc|iPhone
		Ad-Hoc|iPhoneSimulator = Ad-Hoc|iPhoneSimulator
		Ad-Hoc|x64 = Ad-Hoc|x64
		Ad-Hoc|x86 = Ad-Hoc|x86
		AppStore|Any CPU = AppStore|Any CPU
		AppStore|ARM = AppStore|ARM
		AppStore|iPhone = AppStore|iPhone
		AppStore|iPhoneSimulator = AppStore|iPhoneSimulator
		AppStore|x64 = AppStore|x64
		AppStore|x86 = AppStore|x86
		Debug|Any CPU = Debug|Any CPU
		Debug|ARM = Debug|ARM
		Debug|iPhone = Debug|iPhone
		Debug|iPhoneSimulator = Debug|iPhoneSimulator
		Debug|x64 = Debug|x64
		Debug|x86 = Debug|x86
		Release|Any CPU = Release|Any CPU
		Release|ARM = Release|ARM
		Release|iPhone = Release|iPhone
		Release|iPhoneSimulator = Release|iPhoneSimulator
		Release|x64 = Release|x64
		Release|x86 = Release|x86
	EndGlobalSection
	GlobalSection(ProjectConfigurationPlatforms) = postSolution
		{6E6C6B45-503F-4994-B32E-29E0D86246F9}.Ad-Hoc|Any CPU.ActiveCfg = Release|Any CPU
		{6E6C6B45-503F-4994-B32E-29E0D86246F9}.Ad-Hoc|Any CPU.Build.0 = Release|Any CPU
		{6E6C6B45-503F-4994-B32E-29E0D86246F9}.Ad-Hoc|ARM.ActiveCfg = Release|Any CPU
		{6E6C6B45-503F-4994-B32E-29E0D86246F9}.Ad-Hoc|ARM.Build.0 = Release|Any CPU
		{6E6C6B45-503F-4994-B32E-29E0D86246F9}.Ad-Hoc|iPhone.ActiveCfg = Release|Any CPU
		{6E6C6B45-503F-4994-B32E-29E0D86246F9}.Ad-Hoc|iPhone.Build.0 = Release|Any CPU
		{6E6C6B45-503F-4994-B32E-29E0D86246F9}.Ad-Hoc|iPhoneSimulator.ActiveCfg = Release|Any CPU
		{6E6C6B45-503F-4994-B32E-29E0D86246F9}.Ad-Hoc|iPhoneSimulator.Build.0 = Release|Any CPU
		{6E6C6B45-503F-4994-B32E-29E0D86246F9}.Ad-Hoc|x64.ActiveCfg = Release|Any CPU
		{6E6C6B45-503F-4994-B32E-29E0D86246F9}.Ad-Hoc|x64.Build.0 = Release|Any CPU
		{6E6C6B45-503F-4994-B32E-29E0D86246F9}.Ad-Hoc|x86.ActiveCfg = Release|Any CPU
		{6E6C6B45-503F-4994-B32E-29E0D86246F9}.Ad-Hoc|x86.Build.0 = Release|Any CPU
		{6E6C6B45-503F-4994-B32E-29E0D86246F9}.AppStore|Any CPU.ActiveCfg = Release|Any CPU
		{6E6C6B45-503F-4994-B32E-29E0D86246F9}.AppStore|Any CPU.Build.0 = Release|Any CPU
		{6E6C6B45-503F-4994-B32E-29E0D86246F9}.AppStore|ARM.ActiveCfg = Release|Any CPU
		{6E6C6B45-503F-4994-B32E-29E0D86246F9}.AppStore|ARM.Build.0 = Release|Any CPU
		{6E6C6B45-503F-4994-B32E-29E0D86246F9}.AppStore|iPhone.ActiveCfg = Release|Any CPU
		{6E6C6B45-503F-4994-B32E-29E0D86246F9}.AppStore|iPhone.Build.0 = Release|Any CPU
		{6E6C6B45-503F-4994-B32E-29E0D86246F9}.AppStore|iPhoneSimulator.ActiveCfg = Release|Any CPU
		{6E6C6B45-503F-4994-B32E-29E0D86246F9}.AppStore|iPhoneSimulator.Build.0 = Release|Any CPU
		{6E6C6B45-503F-4994-B32E-29E0D86246F9}.AppStore|x64.ActiveCfg = Release|Any CPU
		{6E6C6B45-503F-4994-B32E-29E0D86246F9}.AppStore|x64.Build.0 = Release|Any CPU
		{6E6C6B45-503F-4994-B32E-29E0D86246F9}.AppStore|x86.ActiveCfg = Release|Any CPU
		{6E6C6B45-503F-4994-B32E-29E0D86246F9}.AppStore|x86.Build.0 = Release|Any CPU
		{6E6C6B45-503F-4994-B32E-29E0D86246F9}.Debug|Any CPU.ActiveCfg = Debug|Any CPU
		{6E6C6B45-503F-4994-B32E-29E0D86246F9}.Debug|Any CPU.Build.0 = Debug|Any CPU
		{6E6C6B45-503F-4994-B32E-29E0D86246F9}.Debug|ARM.ActiveCfg = Debug|Any CPU
		{6E6C6B45-503F-4994-B32E-29E0D86246F9}.Debug|ARM.Build.0 = Debug|Any CPU
		{6E6C6B45-503F-4994-B32E-29E0D86246F9}.Debug|iPhone.ActiveCfg = Debug|Any CPU
		{6E6C6B45-503F-4994-B32E-29E0D86246F9}.Debug|iPhone.Build.0 = Debug|Any CPU
		{6E6C6B45-503F-4994-B32E-29E0D86246F9}.Debug|iPhoneSimulator.ActiveCfg = Debug|Any CPU
		{6E6C6B45-503F-4994-B32E-29E0D86246F9}.Debug|iPhoneSimulator.Build.0 = Debug|Any CPU
		{6E6C6B45-503F-4994-B32E-29E0D86246F9}.Debug|x64.ActiveCfg = Debug|Any CPU
		{6E6C6B45-503F-4994-B32E-29E0D86246F9}.Debug|x64.Build.0 = Debug|Any CPU
		{6E6C6B45-503F-4994-B32E-29E0D86246F9}.Debug|x86.ActiveCfg = Debug|Any CPU
		{6E6C6B45-503F-4994-B32E-29E0D86246F9}.Debug|x86.Build.0 = Debug|Any CPU
		{6E6C6B45-503F-4994-B32E-29E0D86246F9}.Release|Any CPU.ActiveCfg = Release|Any CPU
		{6E6C6B45-503F-4994-B32E-29E0D86246F9}.Release|Any CPU.Build.0 = Release|Any CPU
		{6E6C6B45-503F-4994-B32E-29E0D86246F9}.Release|ARM.ActiveCfg = Release|Any CPU
		{6E6C6B45-503F-4994-B32E-29E0D86246F9}.Release|ARM.Build.0 = Release|Any CPU
		{6E6C6B45-503F-4994-B32E-29E0D86246F9}.Release|iPhone.ActiveCfg = Release|Any CPU
		{6E6C6B45-503F-4994-B32E-29E0D86246F9}.Release|iPhone.Build.0 = Release|Any CPU
		{6E6C6B45-503F-4994-B32E-29E0D86246F9}.Release|iPhoneSimulator.ActiveCfg = Release|Any CPU
		{6E6C6B45-503F-4994-B32E-29E0D86246F9}.Release|iPhoneSimulator.Build.0 = Release|Any CPU
		{6E6C6B45-503F-4994-B32E-29E0D86246F9}.Release|x64.ActiveCfg = Release|Any CPU
		{6E6C6B45-503F-4994-B32E-29E0D86246F9}.Release|x64.Build.0 = Release|Any CPU
		{6E6C6B45-503F-4994-B32E-29E0D86246F9}.Release|x86.ActiveCfg = Release|Any CPU
		{6E6C6B45-503F-4994-B32E-29E0D86246F9}.Release|x86.Build.0 = Release|Any CPU
		{77F8CE7F-A8A9-4280-84FA-33E67D82D74C}.Ad-Hoc|Any CPU.ActiveCfg = Release|Any CPU
		{77F8CE7F-A8A9-4280-84FA-33E67D82D74C}.Ad-Hoc|Any CPU.Build.0 = Release|Any CPU
		{77F8CE7F-A8A9-4280-84FA-33E67D82D74C}.Ad-Hoc|ARM.ActiveCfg = Release|Any CPU
		{77F8CE7F-A8A9-4280-84FA-33E67D82D74C}.Ad-Hoc|ARM.Build.0 = Release|Any CPU
		{77F8CE7F-A8A9-4280-84FA-33E67D82D74C}.Ad-Hoc|iPhone.ActiveCfg = Release|Any CPU
		{77F8CE7F-A8A9-4280-84FA-33E67D82D74C}.Ad-Hoc|iPhone.Build.0 = Release|Any CPU
		{77F8CE7F-A8A9-4280-84FA-33E67D82D74C}.Ad-Hoc|iPhoneSimulator.ActiveCfg = Release|Any CPU
		{77F8CE7F-A8A9-4280-84FA-33E67D82D74C}.Ad-Hoc|iPhoneSimulator.Build.0 = Release|Any CPU
		{77F8CE7F-A8A9-4280-84FA-33E67D82D74C}.Ad-Hoc|x64.ActiveCfg = Release|Any CPU
		{77F8CE7F-A8A9-4280-84FA-33E67D82D74C}.Ad-Hoc|x64.Build.0 = Release|Any CPU
		{77F8CE7F-A8A9-4280-84FA-33E67D82D74C}.Ad-Hoc|x86.ActiveCfg = Release|Any CPU
		{77F8CE7F-A8A9-4280-84FA-33E67D82D74C}.Ad-Hoc|x86.Build.0 = Release|Any CPU
		{77F8CE7F-A8A9-4280-84FA-33E67D82D74C}.AppStore|Any CPU.ActiveCfg = Release|Any CPU
		{77F8CE7F-A8A9-4280-84FA-33E67D82D74C}.AppStore|Any CPU.Build.0 = Release|Any CPU
		{77F8CE7F-A8A9-4280-84FA-33E67D82D74C}.AppStore|ARM.ActiveCfg = Release|Any CPU
		{77F8CE7F-A8A9-4280-84FA-33E67D82D74C}.AppStore|ARM.Build.0 = Release|Any CPU
		{77F8CE7F-A8A9-4280-84FA-33E67D82D74C}.AppStore|iPhone.ActiveCfg = Release|Any CPU
		{77F8CE7F-A8A9-4280-84FA-33E67D82D74C}.AppStore|iPhone.Build.0 = Release|Any CPU
		{77F8CE7F-A8A9-4280-84FA-33E67D82D74C}.AppStore|iPhoneSimulator.ActiveCfg = Release|Any CPU
		{77F8CE7F-A8A9-4280-84FA-33E67D82D74C}.AppStore|iPhoneSimulator.Build.0 = Release|Any CPU
		{77F8CE7F-A8A9-4280-84FA-33E67D82D74C}.AppStore|x64.ActiveCfg = Release|Any CPU
		{77F8CE7F-A8A9-4280-84FA-33E67D82D74C}.AppStore|x64.Build.0 = Release|Any CPU
		{77F8CE7F-A8A9-4280-84FA-33E67D82D74C}.AppStore|x86.ActiveCfg = Release|Any CPU
		{77F8CE7F-A8A9-4280-84FA-33E67D82D74C}.AppStore|x86.Build.0 = Release|Any CPU
		{77F8CE7F-A8A9-4280-84FA-33E67D82D74C}.Debug|Any CPU.ActiveCfg = Debug|Any CPU
		{77F8CE7F-A8A9-4280-84FA-33E67D82D74C}.Debug|Any CPU.Build.0 = Debug|Any CPU
		{77F8CE7F-A8A9-4280-84FA-33E67D82D74C}.Debug|ARM.ActiveCfg = Debug|Any CPU
		{77F8CE7F-A8A9-4280-84FA-33E67D82D74C}.Debug|ARM.Build.0 = Debug|Any CPU
		{77F8CE7F-A8A9-4280-84FA-33E67D82D74C}.Debug|iPhone.ActiveCfg = Debug|Any CPU
		{77F8CE7F-A8A9-4280-84FA-33E67D82D74C}.Debug|iPhone.Build.0 = Debug|Any CPU
		{77F8CE7F-A8A9-4280-84FA-33E67D82D74C}.Debug|iPhoneSimulator.ActiveCfg = Debug|Any CPU
		{77F8CE7F-A8A9-4280-84FA-33E67D82D74C}.Debug|iPhoneSimulator.Build.0 = Debug|Any CPU
		{77F8CE7F-A8A9-4280-84FA-33E67D82D74C}.Debug|x64.ActiveCfg = Debug|Any CPU
		{77F8CE7F-A8A9-4280-84FA-33E67D82D74C}.Debug|x64.Build.0 = Debug|Any CPU
		{77F8CE7F-A8A9-4280-84FA-33E67D82D74C}.Debug|x86.ActiveCfg = Debug|Any CPU
		{77F8CE7F-A8A9-4280-84FA-33E67D82D74C}.Debug|x86.Build.0 = Debug|Any CPU
		{77F8CE7F-A8A9-4280-84FA-33E67D82D74C}.Release|Any CPU.ActiveCfg = Release|Any CPU
		{77F8CE7F-A8A9-4280-84FA-33E67D82D74C}.Release|Any CPU.Build.0 = Release|Any CPU
		{77F8CE7F-A8A9-4280-84FA-33E67D82D74C}.Release|ARM.ActiveCfg = Release|Any CPU
		{77F8CE7F-A8A9-4280-84FA-33E67D82D74C}.Release|ARM.Build.0 = Release|Any CPU
		{77F8CE7F-A8A9-4280-84FA-33E67D82D74C}.Release|iPhone.ActiveCfg = Release|Any CPU
		{77F8CE7F-A8A9-4280-84FA-33E67D82D74C}.Release|iPhone.Build.0 = Release|Any CPU
		{77F8CE7F-A8A9-4280-84FA-33E67D82D74C}.Release|iPhoneSimulator.ActiveCfg = Release|Any CPU
		{77F8CE7F-A8A9-4280-84FA-33E67D82D74C}.Release|iPhoneSimulator.Build.0 = Release|Any CPU
		{77F8CE7F-A8A9-4280-84FA-33E67D82D74C}.Release|x64.ActiveCfg = Release|Any CPU
		{77F8CE7F-A8A9-4280-84FA-33E67D82D74C}.Release|x64.Build.0 = Release|Any CPU
		{77F8CE7F-A8A9-4280-84FA-33E67D82D74C}.Release|x86.ActiveCfg = Release|Any CPU
		{77F8CE7F-A8A9-4280-84FA-33E67D82D74C}.Release|x86.Build.0 = Release|Any CPU
		{828D9A3F-626B-465E-A140-AF668183B221}.Ad-Hoc|Any CPU.ActiveCfg = Release|Any CPU
		{828D9A3F-626B-465E-A140-AF668183B221}.Ad-Hoc|Any CPU.Build.0 = Release|Any CPU
		{828D9A3F-626B-465E-A140-AF668183B221}.Ad-Hoc|ARM.ActiveCfg = Release|Any CPU
		{828D9A3F-626B-465E-A140-AF668183B221}.Ad-Hoc|ARM.Build.0 = Release|Any CPU
		{828D9A3F-626B-465E-A140-AF668183B221}.Ad-Hoc|iPhone.ActiveCfg = Release|Any CPU
		{828D9A3F-626B-465E-A140-AF668183B221}.Ad-Hoc|iPhone.Build.0 = Release|Any CPU
		{828D9A3F-626B-465E-A140-AF668183B221}.Ad-Hoc|iPhoneSimulator.ActiveCfg = Release|Any CPU
		{828D9A3F-626B-465E-A140-AF668183B221}.Ad-Hoc|iPhoneSimulator.Build.0 = Release|Any CPU
		{828D9A3F-626B-465E-A140-AF668183B221}.Ad-Hoc|x64.ActiveCfg = Release|Any CPU
		{828D9A3F-626B-465E-A140-AF668183B221}.Ad-Hoc|x64.Build.0 = Release|Any CPU
		{828D9A3F-626B-465E-A140-AF668183B221}.Ad-Hoc|x86.ActiveCfg = Release|Any CPU
		{828D9A3F-626B-465E-A140-AF668183B221}.Ad-Hoc|x86.Build.0 = Release|Any CPU
		{828D9A3F-626B-465E-A140-AF668183B221}.AppStore|Any CPU.ActiveCfg = Release|Any CPU
		{828D9A3F-626B-465E-A140-AF668183B221}.AppStore|Any CPU.Build.0 = Release|Any CPU
		{828D9A3F-626B-465E-A140-AF668183B221}.AppStore|ARM.ActiveCfg = Release|Any CPU
		{828D9A3F-626B-465E-A140-AF668183B221}.AppStore|ARM.Build.0 = Release|Any CPU
		{828D9A3F-626B-465E-A140-AF668183B221}.AppStore|iPhone.ActiveCfg = Release|Any CPU
		{828D9A3F-626B-465E-A140-AF668183B221}.AppStore|iPhone.Build.0 = Release|Any CPU
		{828D9A3F-626B-465E-A140-AF668183B221}.AppStore|iPhoneSimulator.ActiveCfg = Release|Any CPU
		{828D9A3F-626B-465E-A140-AF668183B221}.AppStore|iPhoneSimulator.Build.0 = Release|Any CPU
		{828D9A3F-626B-465E-A140-AF668183B221}.AppStore|x64.ActiveCfg = Release|Any CPU
		{828D9A3F-626B-465E-A140-AF668183B221}.AppStore|x64.Build.0 = Release|Any CPU
		{828D9A3F-626B-465E-A140-AF668183B221}.AppStore|x86.ActiveCfg = Release|Any CPU
		{828D9A3F-626B-465E-A140-AF668183B221}.AppStore|x86.Build.0 = Release|Any CPU
		{828D9A3F-626B-465E-A140-AF668183B221}.Debug|Any CPU.ActiveCfg = Debug|Any CPU
		{828D9A3F-626B-465E-A140-AF668183B221}.Debug|Any CPU.Build.0 = Debug|Any CPU
		{828D9A3F-626B-465E-A140-AF668183B221}.Debug|ARM.ActiveCfg = Debug|Any CPU
		{828D9A3F-626B-465E-A140-AF668183B221}.Debug|ARM.Build.0 = Debug|Any CPU
		{828D9A3F-626B-465E-A140-AF668183B221}.Debug|iPhone.ActiveCfg = Debug|Any CPU
		{828D9A3F-626B-465E-A140-AF668183B221}.Debug|iPhone.Build.0 = Debug|Any CPU
		{828D9A3F-626B-465E-A140-AF668183B221}.Debug|iPhoneSimulator.ActiveCfg = Debug|Any CPU
		{828D9A3F-626B-465E-A140-AF668183B221}.Debug|iPhoneSimulator.Build.0 = Debug|Any CPU
		{828D9A3F-626B-465E-A140-AF668183B221}.Debug|x64.ActiveCfg = Debug|Any CPU
		{828D9A3F-626B-465E-A140-AF668183B221}.Debug|x64.Build.0 = Debug|Any CPU
		{828D9A3F-626B-465E-A140-AF668183B221}.Debug|x86.ActiveCfg = Debug|Any CPU
		{828D9A3F-626B-465E-A140-AF668183B221}.Debug|x86.Build.0 = Debug|Any CPU
		{828D9A3F-626B-465E-A140-AF668183B221}.Release|Any CPU.ActiveCfg = Release|Any CPU
		{828D9A3F-626B-465E-A140-AF668183B221}.Release|Any CPU.Build.0 = Release|Any CPU
		{828D9A3F-626B-465E-A140-AF668183B221}.Release|ARM.ActiveCfg = Release|Any CPU
		{828D9A3F-626B-465E-A140-AF668183B221}.Release|ARM.Build.0 = Release|Any CPU
		{828D9A3F-626B-465E-A140-AF668183B221}.Release|iPhone.ActiveCfg = Release|Any CPU
		{828D9A3F-626B-465E-A140-AF668183B221}.Release|iPhone.Build.0 = Release|Any CPU
		{828D9A3F-626B-465E-A140-AF668183B221}.Release|iPhoneSimulator.ActiveCfg = Release|Any CPU
		{828D9A3F-626B-465E-A140-AF668183B221}.Release|iPhoneSimulator.Build.0 = Release|Any CPU
		{828D9A3F-626B-465E-A140-AF668183B221}.Release|x64.ActiveCfg = Release|Any CPU
		{828D9A3F-626B-465E-A140-AF668183B221}.Release|x64.Build.0 = Release|Any CPU
		{828D9A3F-626B-465E-A140-AF668183B221}.Release|x86.ActiveCfg = Release|Any CPU
		{828D9A3F-626B-465E-A140-AF668183B221}.Release|x86.Build.0 = Release|Any CPU
		{63710D80-F2D5-4D3D-8A49-30488BB15146}.Ad-Hoc|Any CPU.ActiveCfg = Debug|Any CPU
		{63710D80-F2D5-4D3D-8A49-30488BB15146}.Ad-Hoc|Any CPU.Build.0 = Debug|Any CPU
		{63710D80-F2D5-4D3D-8A49-30488BB15146}.Ad-Hoc|ARM.ActiveCfg = Debug|Any CPU
		{63710D80-F2D5-4D3D-8A49-30488BB15146}.Ad-Hoc|ARM.Build.0 = Debug|Any CPU
		{63710D80-F2D5-4D3D-8A49-30488BB15146}.Ad-Hoc|iPhone.ActiveCfg = Debug|Any CPU
		{63710D80-F2D5-4D3D-8A49-30488BB15146}.Ad-Hoc|iPhone.Build.0 = Debug|Any CPU
		{63710D80-F2D5-4D3D-8A49-30488BB15146}.Ad-Hoc|iPhoneSimulator.ActiveCfg = Debug|Any CPU
		{63710D80-F2D5-4D3D-8A49-30488BB15146}.Ad-Hoc|iPhoneSimulator.Build.0 = Debug|Any CPU
		{63710D80-F2D5-4D3D-8A49-30488BB15146}.Ad-Hoc|x64.ActiveCfg = Debug|Any CPU
		{63710D80-F2D5-4D3D-8A49-30488BB15146}.Ad-Hoc|x64.Build.0 = Debug|Any CPU
		{63710D80-F2D5-4D3D-8A49-30488BB15146}.Ad-Hoc|x86.ActiveCfg = Debug|Any CPU
		{63710D80-F2D5-4D3D-8A49-30488BB15146}.Ad-Hoc|x86.Build.0 = Debug|Any CPU
		{63710D80-F2D5-4D3D-8A49-30488BB15146}.AppStore|Any CPU.ActiveCfg = Debug|Any CPU
		{63710D80-F2D5-4D3D-8A49-30488BB15146}.AppStore|Any CPU.Build.0 = Debug|Any CPU
		{63710D80-F2D5-4D3D-8A49-30488BB15146}.AppStore|ARM.ActiveCfg = Debug|Any CPU
		{63710D80-F2D5-4D3D-8A49-30488BB15146}.AppStore|ARM.Build.0 = Debug|Any CPU
		{63710D80-F2D5-4D3D-8A49-30488BB15146}.AppStore|iPhone.ActiveCfg = Debug|Any CPU
		{63710D80-F2D5-4D3D-8A49-30488BB15146}.AppStore|iPhone.Build.0 = Debug|Any CPU
		{63710D80-F2D5-4D3D-8A49-30488BB15146}.AppStore|iPhoneSimulator.ActiveCfg = Debug|Any CPU
		{63710D80-F2D5-4D3D-8A49-30488BB15146}.AppStore|iPhoneSimulator.Build.0 = Debug|Any CPU
		{63710D80-F2D5-4D3D-8A49-30488BB15146}.AppStore|x64.ActiveCfg = Debug|Any CPU
		{63710D80-F2D5-4D3D-8A49-30488BB15146}.AppStore|x64.Build.0 = Debug|Any CPU
		{63710D80-F2D5-4D3D-8A49-30488BB15146}.AppStore|x86.ActiveCfg = Debug|Any CPU
		{63710D80-F2D5-4D3D-8A49-30488BB15146}.AppStore|x86.Build.0 = Debug|Any CPU
		{63710D80-F2D5-4D3D-8A49-30488BB15146}.Debug|Any CPU.ActiveCfg = Debug|Any CPU
		{63710D80-F2D5-4D3D-8A49-30488BB15146}.Debug|Any CPU.Build.0 = Debug|Any CPU
		{63710D80-F2D5-4D3D-8A49-30488BB15146}.Debug|ARM.ActiveCfg = Debug|Any CPU
		{63710D80-F2D5-4D3D-8A49-30488BB15146}.Debug|ARM.Build.0 = Debug|Any CPU
		{63710D80-F2D5-4D3D-8A49-30488BB15146}.Debug|iPhone.ActiveCfg = Debug|Any CPU
		{63710D80-F2D5-4D3D-8A49-30488BB15146}.Debug|iPhone.Build.0 = Debug|Any CPU
		{63710D80-F2D5-4D3D-8A49-30488BB15146}.Debug|iPhoneSimulator.ActiveCfg = Debug|Any CPU
		{63710D80-F2D5-4D3D-8A49-30488BB15146}.Debug|iPhoneSimulator.Build.0 = Debug|Any CPU
		{63710D80-F2D5-4D3D-8A49-30488BB15146}.Debug|x64.ActiveCfg = Debug|Any CPU
		{63710D80-F2D5-4D3D-8A49-30488BB15146}.Debug|x64.Build.0 = Debug|Any CPU
		{63710D80-F2D5-4D3D-8A49-30488BB15146}.Debug|x86.ActiveCfg = Debug|Any CPU
		{63710D80-F2D5-4D3D-8A49-30488BB15146}.Debug|x86.Build.0 = Debug|Any CPU
		{63710D80-F2D5-4D3D-8A49-30488BB15146}.Release|Any CPU.ActiveCfg = Release|Any CPU
		{63710D80-F2D5-4D3D-8A49-30488BB15146}.Release|Any CPU.Build.0 = Release|Any CPU
		{63710D80-F2D5-4D3D-8A49-30488BB15146}.Release|ARM.ActiveCfg = Release|Any CPU
		{63710D80-F2D5-4D3D-8A49-30488BB15146}.Release|ARM.Build.0 = Release|Any CPU
		{63710D80-F2D5-4D3D-8A49-30488BB15146}.Release|iPhone.ActiveCfg = Release|Any CPU
		{63710D80-F2D5-4D3D-8A49-30488BB15146}.Release|iPhone.Build.0 = Release|Any CPU
		{63710D80-F2D5-4D3D-8A49-30488BB15146}.Release|iPhoneSimulator.ActiveCfg = Release|Any CPU
		{63710D80-F2D5-4D3D-8A49-30488BB15146}.Release|iPhoneSimulator.Build.0 = Release|Any CPU
		{63710D80-F2D5-4D3D-8A49-30488BB15146}.Release|x64.ActiveCfg = Release|Any CPU
		{63710D80-F2D5-4D3D-8A49-30488BB15146}.Release|x64.Build.0 = Release|Any CPU
		{63710D80-F2D5-4D3D-8A49-30488BB15146}.Release|x86.ActiveCfg = Release|Any CPU
		{63710D80-F2D5-4D3D-8A49-30488BB15146}.Release|x86.Build.0 = Release|Any CPU
		{842EC23A-95E9-4BAC-B52B-349CA26617F8}.Ad-Hoc|Any CPU.ActiveCfg = Debug|Any CPU
		{842EC23A-95E9-4BAC-B52B-349CA26617F8}.Ad-Hoc|Any CPU.Build.0 = Debug|Any CPU
		{842EC23A-95E9-4BAC-B52B-349CA26617F8}.Ad-Hoc|ARM.ActiveCfg = Debug|Any CPU
		{842EC23A-95E9-4BAC-B52B-349CA26617F8}.Ad-Hoc|ARM.Build.0 = Debug|Any CPU
		{842EC23A-95E9-4BAC-B52B-349CA26617F8}.Ad-Hoc|iPhone.ActiveCfg = Debug|Any CPU
		{842EC23A-95E9-4BAC-B52B-349CA26617F8}.Ad-Hoc|iPhone.Build.0 = Debug|Any CPU
		{842EC23A-95E9-4BAC-B52B-349CA26617F8}.Ad-Hoc|iPhoneSimulator.ActiveCfg = Debug|Any CPU
		{842EC23A-95E9-4BAC-B52B-349CA26617F8}.Ad-Hoc|iPhoneSimulator.Build.0 = Debug|Any CPU
		{842EC23A-95E9-4BAC-B52B-349CA26617F8}.Ad-Hoc|x64.ActiveCfg = Debug|Any CPU
		{842EC23A-95E9-4BAC-B52B-349CA26617F8}.Ad-Hoc|x64.Build.0 = Debug|Any CPU
		{842EC23A-95E9-4BAC-B52B-349CA26617F8}.Ad-Hoc|x86.ActiveCfg = Debug|Any CPU
		{842EC23A-95E9-4BAC-B52B-349CA26617F8}.Ad-Hoc|x86.Build.0 = Debug|Any CPU
		{842EC23A-95E9-4BAC-B52B-349CA26617F8}.AppStore|Any CPU.ActiveCfg = Debug|Any CPU
		{842EC23A-95E9-4BAC-B52B-349CA26617F8}.AppStore|Any CPU.Build.0 = Debug|Any CPU
		{842EC23A-95E9-4BAC-B52B-349CA26617F8}.AppStore|ARM.ActiveCfg = Debug|Any CPU
		{842EC23A-95E9-4BAC-B52B-349CA26617F8}.AppStore|ARM.Build.0 = Debug|Any CPU
		{842EC23A-95E9-4BAC-B52B-349CA26617F8}.AppStore|iPhone.ActiveCfg = Debug|Any CPU
		{842EC23A-95E9-4BAC-B52B-349CA26617F8}.AppStore|iPhone.Build.0 = Debug|Any CPU
		{842EC23A-95E9-4BAC-B52B-349CA26617F8}.AppStore|iPhoneSimulator.ActiveCfg = Debug|Any CPU
		{842EC23A-95E9-4BAC-B52B-349CA26617F8}.AppStore|iPhoneSimulator.Build.0 = Debug|Any CPU
		{842EC23A-95E9-4BAC-B52B-349CA26617F8}.AppStore|x64.ActiveCfg = Debug|Any CPU
		{842EC23A-95E9-4BAC-B52B-349CA26617F8}.AppStore|x64.Build.0 = Debug|Any CPU
		{842EC23A-95E9-4BAC-B52B-349CA26617F8}.AppStore|x86.ActiveCfg = Debug|Any CPU
		{842EC23A-95E9-4BAC-B52B-349CA26617F8}.AppStore|x86.Build.0 = Debug|Any CPU
		{842EC23A-95E9-4BAC-B52B-349CA26617F8}.Debug|Any CPU.ActiveCfg = Debug|Any CPU
		{842EC23A-95E9-4BAC-B52B-349CA26617F8}.Debug|Any CPU.Build.0 = Debug|Any CPU
		{842EC23A-95E9-4BAC-B52B-349CA26617F8}.Debug|ARM.ActiveCfg = Debug|Any CPU
		{842EC23A-95E9-4BAC-B52B-349CA26617F8}.Debug|ARM.Build.0 = Debug|Any CPU
		{842EC23A-95E9-4BAC-B52B-349CA26617F8}.Debug|iPhone.ActiveCfg = Debug|Any CPU
		{842EC23A-95E9-4BAC-B52B-349CA26617F8}.Debug|iPhone.Build.0 = Debug|Any CPU
		{842EC23A-95E9-4BAC-B52B-349CA26617F8}.Debug|iPhoneSimulator.ActiveCfg = Debug|Any CPU
		{842EC23A-95E9-4BAC-B52B-349CA26617F8}.Debug|iPhoneSimulator.Build.0 = Debug|Any CPU
		{842EC23A-95E9-4BAC-B52B-349CA26617F8}.Debug|x64.ActiveCfg = Debug|Any CPU
		{842EC23A-95E9-4BAC-B52B-349CA26617F8}.Debug|x64.Build.0 = Debug|Any CPU
		{842EC23A-95E9-4BAC-B52B-349CA26617F8}.Debug|x86.ActiveCfg = Debug|Any CPU
		{842EC23A-95E9-4BAC-B52B-349CA26617F8}.Debug|x86.Build.0 = Debug|Any CPU
		{842EC23A-95E9-4BAC-B52B-349CA26617F8}.Release|Any CPU.ActiveCfg = Release|Any CPU
		{842EC23A-95E9-4BAC-B52B-349CA26617F8}.Release|Any CPU.Build.0 = Release|Any CPU
		{842EC23A-95E9-4BAC-B52B-349CA26617F8}.Release|ARM.ActiveCfg = Release|Any CPU
		{842EC23A-95E9-4BAC-B52B-349CA26617F8}.Release|ARM.Build.0 = Release|Any CPU
		{842EC23A-95E9-4BAC-B52B-349CA26617F8}.Release|iPhone.ActiveCfg = Release|Any CPU
		{842EC23A-95E9-4BAC-B52B-349CA26617F8}.Release|iPhone.Build.0 = Release|Any CPU
		{842EC23A-95E9-4BAC-B52B-349CA26617F8}.Release|iPhoneSimulator.ActiveCfg = Release|Any CPU
		{842EC23A-95E9-4BAC-B52B-349CA26617F8}.Release|iPhoneSimulator.Build.0 = Release|Any CPU
		{842EC23A-95E9-4BAC-B52B-349CA26617F8}.Release|x64.ActiveCfg = Release|Any CPU
		{842EC23A-95E9-4BAC-B52B-349CA26617F8}.Release|x64.Build.0 = Release|Any CPU
		{842EC23A-95E9-4BAC-B52B-349CA26617F8}.Release|x86.ActiveCfg = Release|Any CPU
		{842EC23A-95E9-4BAC-B52B-349CA26617F8}.Release|x86.Build.0 = Release|Any CPU
		{C7A85CBD-ADCC-43EE-A349-8C52E99AD7A1}.Ad-Hoc|Any CPU.ActiveCfg = Debug|Any CPU
		{C7A85CBD-ADCC-43EE-A349-8C52E99AD7A1}.Ad-Hoc|Any CPU.Build.0 = Debug|Any CPU
		{C7A85CBD-ADCC-43EE-A349-8C52E99AD7A1}.Ad-Hoc|ARM.ActiveCfg = Debug|Any CPU
		{C7A85CBD-ADCC-43EE-A349-8C52E99AD7A1}.Ad-Hoc|ARM.Build.0 = Debug|Any CPU
		{C7A85CBD-ADCC-43EE-A349-8C52E99AD7A1}.Ad-Hoc|iPhone.ActiveCfg = Debug|Any CPU
		{C7A85CBD-ADCC-43EE-A349-8C52E99AD7A1}.Ad-Hoc|iPhone.Build.0 = Debug|Any CPU
		{C7A85CBD-ADCC-43EE-A349-8C52E99AD7A1}.Ad-Hoc|iPhoneSimulator.ActiveCfg = Debug|Any CPU
		{C7A85CBD-ADCC-43EE-A349-8C52E99AD7A1}.Ad-Hoc|iPhoneSimulator.Build.0 = Debug|Any CPU
		{C7A85CBD-ADCC-43EE-A349-8C52E99AD7A1}.Ad-Hoc|x64.ActiveCfg = Debug|Any CPU
		{C7A85CBD-ADCC-43EE-A349-8C52E99AD7A1}.Ad-Hoc|x64.Build.0 = Debug|Any CPU
		{C7A85CBD-ADCC-43EE-A349-8C52E99AD7A1}.Ad-Hoc|x86.ActiveCfg = Debug|Any CPU
		{C7A85CBD-ADCC-43EE-A349-8C52E99AD7A1}.Ad-Hoc|x86.Build.0 = Debug|Any CPU
		{C7A85CBD-ADCC-43EE-A349-8C52E99AD7A1}.AppStore|Any CPU.ActiveCfg = Debug|Any CPU
		{C7A85CBD-ADCC-43EE-A349-8C52E99AD7A1}.AppStore|Any CPU.Build.0 = Debug|Any CPU
		{C7A85CBD-ADCC-43EE-A349-8C52E99AD7A1}.AppStore|ARM.ActiveCfg = Debug|Any CPU
		{C7A85CBD-ADCC-43EE-A349-8C52E99AD7A1}.AppStore|ARM.Build.0 = Debug|Any CPU
		{C7A85CBD-ADCC-43EE-A349-8C52E99AD7A1}.AppStore|iPhone.ActiveCfg = Debug|Any CPU
		{C7A85CBD-ADCC-43EE-A349-8C52E99AD7A1}.AppStore|iPhone.Build.0 = Debug|Any CPU
		{C7A85CBD-ADCC-43EE-A349-8C52E99AD7A1}.AppStore|iPhoneSimulator.ActiveCfg = Debug|Any CPU
		{C7A85CBD-ADCC-43EE-A349-8C52E99AD7A1}.AppStore|iPhoneSimulator.Build.0 = Debug|Any CPU
		{C7A85CBD-ADCC-43EE-A349-8C52E99AD7A1}.AppStore|x64.ActiveCfg = Debug|Any CPU
		{C7A85CBD-ADCC-43EE-A349-8C52E99AD7A1}.AppStore|x64.Build.0 = Debug|Any CPU
		{C7A85CBD-ADCC-43EE-A349-8C52E99AD7A1}.AppStore|x86.ActiveCfg = Debug|Any CPU
		{C7A85CBD-ADCC-43EE-A349-8C52E99AD7A1}.AppStore|x86.Build.0 = Debug|Any CPU
		{C7A85CBD-ADCC-43EE-A349-8C52E99AD7A1}.Debug|Any CPU.ActiveCfg = Debug|Any CPU
		{C7A85CBD-ADCC-43EE-A349-8C52E99AD7A1}.Debug|Any CPU.Build.0 = Debug|Any CPU
		{C7A85CBD-ADCC-43EE-A349-8C52E99AD7A1}.Debug|ARM.ActiveCfg = Debug|Any CPU
		{C7A85CBD-ADCC-43EE-A349-8C52E99AD7A1}.Debug|ARM.Build.0 = Debug|Any CPU
		{C7A85CBD-ADCC-43EE-A349-8C52E99AD7A1}.Debug|iPhone.ActiveCfg = Debug|Any CPU
		{C7A85CBD-ADCC-43EE-A349-8C52E99AD7A1}.Debug|iPhone.Build.0 = Debug|Any CPU
		{C7A85CBD-ADCC-43EE-A349-8C52E99AD7A1}.Debug|iPhoneSimulator.ActiveCfg = Debug|Any CPU
		{C7A85CBD-ADCC-43EE-A349-8C52E99AD7A1}.Debug|iPhoneSimulator.Build.0 = Debug|Any CPU
		{C7A85CBD-ADCC-43EE-A349-8C52E99AD7A1}.Debug|x64.ActiveCfg = Debug|Any CPU
		{C7A85CBD-ADCC-43EE-A349-8C52E99AD7A1}.Debug|x64.Build.0 = Debug|Any CPU
		{C7A85CBD-ADCC-43EE-A349-8C52E99AD7A1}.Debug|x86.ActiveCfg = Debug|Any CPU
		{C7A85CBD-ADCC-43EE-A349-8C52E99AD7A1}.Debug|x86.Build.0 = Debug|Any CPU
		{C7A85CBD-ADCC-43EE-A349-8C52E99AD7A1}.Release|Any CPU.ActiveCfg = Release|Any CPU
		{C7A85CBD-ADCC-43EE-A349-8C52E99AD7A1}.Release|Any CPU.Build.0 = Release|Any CPU
		{C7A85CBD-ADCC-43EE-A349-8C52E99AD7A1}.Release|ARM.ActiveCfg = Release|Any CPU
		{C7A85CBD-ADCC-43EE-A349-8C52E99AD7A1}.Release|ARM.Build.0 = Release|Any CPU
		{C7A85CBD-ADCC-43EE-A349-8C52E99AD7A1}.Release|iPhone.ActiveCfg = Release|Any CPU
		{C7A85CBD-ADCC-43EE-A349-8C52E99AD7A1}.Release|iPhone.Build.0 = Release|Any CPU
		{C7A85CBD-ADCC-43EE-A349-8C52E99AD7A1}.Release|iPhoneSimulator.ActiveCfg = Release|Any CPU
		{C7A85CBD-ADCC-43EE-A349-8C52E99AD7A1}.Release|iPhoneSimulator.Build.0 = Release|Any CPU
		{C7A85CBD-ADCC-43EE-A349-8C52E99AD7A1}.Release|x64.ActiveCfg = Release|Any CPU
		{C7A85CBD-ADCC-43EE-A349-8C52E99AD7A1}.Release|x64.Build.0 = Release|Any CPU
		{C7A85CBD-ADCC-43EE-A349-8C52E99AD7A1}.Release|x86.ActiveCfg = Release|Any CPU
		{C7A85CBD-ADCC-43EE-A349-8C52E99AD7A1}.Release|x86.Build.0 = Release|Any CPU
		{4B257409-7684-4F0D-991F-105342FF1BE2}.Ad-Hoc|Any CPU.ActiveCfg = Debug|Any CPU
		{4B257409-7684-4F0D-991F-105342FF1BE2}.Ad-Hoc|Any CPU.Build.0 = Debug|Any CPU
		{4B257409-7684-4F0D-991F-105342FF1BE2}.Ad-Hoc|ARM.ActiveCfg = Debug|Any CPU
		{4B257409-7684-4F0D-991F-105342FF1BE2}.Ad-Hoc|ARM.Build.0 = Debug|Any CPU
		{4B257409-7684-4F0D-991F-105342FF1BE2}.Ad-Hoc|iPhone.ActiveCfg = Debug|Any CPU
		{4B257409-7684-4F0D-991F-105342FF1BE2}.Ad-Hoc|iPhone.Build.0 = Debug|Any CPU
		{4B257409-7684-4F0D-991F-105342FF1BE2}.Ad-Hoc|iPhoneSimulator.ActiveCfg = Debug|Any CPU
		{4B257409-7684-4F0D-991F-105342FF1BE2}.Ad-Hoc|iPhoneSimulator.Build.0 = Debug|Any CPU
		{4B257409-7684-4F0D-991F-105342FF1BE2}.Ad-Hoc|x64.ActiveCfg = Debug|Any CPU
		{4B257409-7684-4F0D-991F-105342FF1BE2}.Ad-Hoc|x64.Build.0 = Debug|Any CPU
		{4B257409-7684-4F0D-991F-105342FF1BE2}.Ad-Hoc|x86.ActiveCfg = Debug|Any CPU
		{4B257409-7684-4F0D-991F-105342FF1BE2}.Ad-Hoc|x86.Build.0 = Debug|Any CPU
		{4B257409-7684-4F0D-991F-105342FF1BE2}.AppStore|Any CPU.ActiveCfg = Debug|Any CPU
		{4B257409-7684-4F0D-991F-105342FF1BE2}.AppStore|Any CPU.Build.0 = Debug|Any CPU
		{4B257409-7684-4F0D-991F-105342FF1BE2}.AppStore|ARM.ActiveCfg = Debug|Any CPU
		{4B257409-7684-4F0D-991F-105342FF1BE2}.AppStore|ARM.Build.0 = Debug|Any CPU
		{4B257409-7684-4F0D-991F-105342FF1BE2}.AppStore|iPhone.ActiveCfg = Debug|Any CPU
		{4B257409-7684-4F0D-991F-105342FF1BE2}.AppStore|iPhone.Build.0 = Debug|Any CPU
		{4B257409-7684-4F0D-991F-105342FF1BE2}.AppStore|iPhoneSimulator.ActiveCfg = Debug|Any CPU
		{4B257409-7684-4F0D-991F-105342FF1BE2}.AppStore|iPhoneSimulator.Build.0 = Debug|Any CPU
		{4B257409-7684-4F0D-991F-105342FF1BE2}.AppStore|x64.ActiveCfg = Debug|Any CPU
		{4B257409-7684-4F0D-991F-105342FF1BE2}.AppStore|x64.Build.0 = Debug|Any CPU
		{4B257409-7684-4F0D-991F-105342FF1BE2}.AppStore|x86.ActiveCfg = Debug|Any CPU
		{4B257409-7684-4F0D-991F-105342FF1BE2}.AppStore|x86.Build.0 = Debug|Any CPU
		{4B257409-7684-4F0D-991F-105342FF1BE2}.Debug|Any CPU.ActiveCfg = Debug|Any CPU
		{4B257409-7684-4F0D-991F-105342FF1BE2}.Debug|Any CPU.Build.0 = Debug|Any CPU
		{4B257409-7684-4F0D-991F-105342FF1BE2}.Debug|ARM.ActiveCfg = Debug|Any CPU
		{4B257409-7684-4F0D-991F-105342FF1BE2}.Debug|ARM.Build.0 = Debug|Any CPU
		{4B257409-7684-4F0D-991F-105342FF1BE2}.Debug|iPhone.ActiveCfg = Debug|Any CPU
		{4B257409-7684-4F0D-991F-105342FF1BE2}.Debug|iPhone.Build.0 = Debug|Any CPU
		{4B257409-7684-4F0D-991F-105342FF1BE2}.Debug|iPhoneSimulator.ActiveCfg = Debug|Any CPU
		{4B257409-7684-4F0D-991F-105342FF1BE2}.Debug|iPhoneSimulator.Build.0 = Debug|Any CPU
		{4B257409-7684-4F0D-991F-105342FF1BE2}.Debug|x64.ActiveCfg = Debug|Any CPU
		{4B257409-7684-4F0D-991F-105342FF1BE2}.Debug|x64.Build.0 = Debug|Any CPU
		{4B257409-7684-4F0D-991F-105342FF1BE2}.Debug|x86.ActiveCfg = Debug|Any CPU
		{4B257409-7684-4F0D-991F-105342FF1BE2}.Debug|x86.Build.0 = Debug|Any CPU
		{4B257409-7684-4F0D-991F-105342FF1BE2}.Release|Any CPU.ActiveCfg = Release|Any CPU
		{4B257409-7684-4F0D-991F-105342FF1BE2}.Release|Any CPU.Build.0 = Release|Any CPU
		{4B257409-7684-4F0D-991F-105342FF1BE2}.Release|ARM.ActiveCfg = Release|Any CPU
		{4B257409-7684-4F0D-991F-105342FF1BE2}.Release|ARM.Build.0 = Release|Any CPU
		{4B257409-7684-4F0D-991F-105342FF1BE2}.Release|iPhone.ActiveCfg = Release|Any CPU
		{4B257409-7684-4F0D-991F-105342FF1BE2}.Release|iPhone.Build.0 = Release|Any CPU
		{4B257409-7684-4F0D-991F-105342FF1BE2}.Release|iPhoneSimulator.ActiveCfg = Release|Any CPU
		{4B257409-7684-4F0D-991F-105342FF1BE2}.Release|iPhoneSimulator.Build.0 = Release|Any CPU
		{4B257409-7684-4F0D-991F-105342FF1BE2}.Release|x64.ActiveCfg = Release|Any CPU
		{4B257409-7684-4F0D-991F-105342FF1BE2}.Release|x64.Build.0 = Release|Any CPU
		{4B257409-7684-4F0D-991F-105342FF1BE2}.Release|x86.ActiveCfg = Release|Any CPU
		{4B257409-7684-4F0D-991F-105342FF1BE2}.Release|x86.Build.0 = Release|Any CPU
		{9146F67D-2614-4713-837D-E88C38CEECC5}.Ad-Hoc|Any CPU.ActiveCfg = Debug|Any CPU
		{9146F67D-2614-4713-837D-E88C38CEECC5}.Ad-Hoc|Any CPU.Build.0 = Debug|Any CPU
		{9146F67D-2614-4713-837D-E88C38CEECC5}.Ad-Hoc|ARM.ActiveCfg = Debug|Any CPU
		{9146F67D-2614-4713-837D-E88C38CEECC5}.Ad-Hoc|ARM.Build.0 = Debug|Any CPU
		{9146F67D-2614-4713-837D-E88C38CEECC5}.Ad-Hoc|iPhone.ActiveCfg = Debug|Any CPU
		{9146F67D-2614-4713-837D-E88C38CEECC5}.Ad-Hoc|iPhone.Build.0 = Debug|Any CPU
		{9146F67D-2614-4713-837D-E88C38CEECC5}.Ad-Hoc|iPhoneSimulator.ActiveCfg = Debug|Any CPU
		{9146F67D-2614-4713-837D-E88C38CEECC5}.Ad-Hoc|iPhoneSimulator.Build.0 = Debug|Any CPU
		{9146F67D-2614-4713-837D-E88C38CEECC5}.Ad-Hoc|x64.ActiveCfg = Debug|Any CPU
		{9146F67D-2614-4713-837D-E88C38CEECC5}.Ad-Hoc|x64.Build.0 = Debug|Any CPU
		{9146F67D-2614-4713-837D-E88C38CEECC5}.Ad-Hoc|x86.ActiveCfg = Debug|Any CPU
		{9146F67D-2614-4713-837D-E88C38CEECC5}.Ad-Hoc|x86.Build.0 = Debug|Any CPU
		{9146F67D-2614-4713-837D-E88C38CEECC5}.AppStore|Any CPU.ActiveCfg = Debug|Any CPU
		{9146F67D-2614-4713-837D-E88C38CEECC5}.AppStore|Any CPU.Build.0 = Debug|Any CPU
		{9146F67D-2614-4713-837D-E88C38CEECC5}.AppStore|ARM.ActiveCfg = Debug|Any CPU
		{9146F67D-2614-4713-837D-E88C38CEECC5}.AppStore|ARM.Build.0 = Debug|Any CPU
		{9146F67D-2614-4713-837D-E88C38CEECC5}.AppStore|iPhone.ActiveCfg = Debug|Any CPU
		{9146F67D-2614-4713-837D-E88C38CEECC5}.AppStore|iPhone.Build.0 = Debug|Any CPU
		{9146F67D-2614-4713-837D-E88C38CEECC5}.AppStore|iPhoneSimulator.ActiveCfg = Debug|Any CPU
		{9146F67D-2614-4713-837D-E88C38CEECC5}.AppStore|iPhoneSimulator.Build.0 = Debug|Any CPU
		{9146F67D-2614-4713-837D-E88C38CEECC5}.AppStore|x64.ActiveCfg = Debug|Any CPU
		{9146F67D-2614-4713-837D-E88C38CEECC5}.AppStore|x64.Build.0 = Debug|Any CPU
		{9146F67D-2614-4713-837D-E88C38CEECC5}.AppStore|x86.ActiveCfg = Debug|Any CPU
		{9146F67D-2614-4713-837D-E88C38CEECC5}.AppStore|x86.Build.0 = Debug|Any CPU
		{9146F67D-2614-4713-837D-E88C38CEECC5}.Debug|Any CPU.ActiveCfg = Debug|Any CPU
		{9146F67D-2614-4713-837D-E88C38CEECC5}.Debug|Any CPU.Build.0 = Debug|Any CPU
		{9146F67D-2614-4713-837D-E88C38CEECC5}.Debug|ARM.ActiveCfg = Debug|Any CPU
		{9146F67D-2614-4713-837D-E88C38CEECC5}.Debug|ARM.Build.0 = Debug|Any CPU
		{9146F67D-2614-4713-837D-E88C38CEECC5}.Debug|iPhone.ActiveCfg = Debug|Any CPU
		{9146F67D-2614-4713-837D-E88C38CEECC5}.Debug|iPhone.Build.0 = Debug|Any CPU
		{9146F67D-2614-4713-837D-E88C38CEECC5}.Debug|iPhoneSimulator.ActiveCfg = Debug|Any CPU
		{9146F67D-2614-4713-837D-E88C38CEECC5}.Debug|iPhoneSimulator.Build.0 = Debug|Any CPU
		{9146F67D-2614-4713-837D-E88C38CEECC5}.Debug|x64.ActiveCfg = Debug|Any CPU
		{9146F67D-2614-4713-837D-E88C38CEECC5}.Debug|x64.Build.0 = Debug|Any CPU
		{9146F67D-2614-4713-837D-E88C38CEECC5}.Debug|x86.ActiveCfg = Debug|Any CPU
		{9146F67D-2614-4713-837D-E88C38CEECC5}.Debug|x86.Build.0 = Debug|Any CPU
		{9146F67D-2614-4713-837D-E88C38CEECC5}.Release|Any CPU.ActiveCfg = Release|Any CPU
		{9146F67D-2614-4713-837D-E88C38CEECC5}.Release|Any CPU.Build.0 = Release|Any CPU
		{9146F67D-2614-4713-837D-E88C38CEECC5}.Release|ARM.ActiveCfg = Release|Any CPU
		{9146F67D-2614-4713-837D-E88C38CEECC5}.Release|ARM.Build.0 = Release|Any CPU
		{9146F67D-2614-4713-837D-E88C38CEECC5}.Release|iPhone.ActiveCfg = Release|Any CPU
		{9146F67D-2614-4713-837D-E88C38CEECC5}.Release|iPhone.Build.0 = Release|Any CPU
		{9146F67D-2614-4713-837D-E88C38CEECC5}.Release|iPhoneSimulator.ActiveCfg = Release|Any CPU
		{9146F67D-2614-4713-837D-E88C38CEECC5}.Release|iPhoneSimulator.Build.0 = Release|Any CPU
		{9146F67D-2614-4713-837D-E88C38CEECC5}.Release|x64.ActiveCfg = Release|Any CPU
		{9146F67D-2614-4713-837D-E88C38CEECC5}.Release|x64.Build.0 = Release|Any CPU
		{9146F67D-2614-4713-837D-E88C38CEECC5}.Release|x86.ActiveCfg = Release|Any CPU
		{9146F67D-2614-4713-837D-E88C38CEECC5}.Release|x86.Build.0 = Release|Any CPU
		{2A5BA5DD-3E47-4727-9F99-B01ED78640AE}.Ad-Hoc|Any CPU.ActiveCfg = Debug|Any CPU
		{2A5BA5DD-3E47-4727-9F99-B01ED78640AE}.Ad-Hoc|Any CPU.Build.0 = Debug|Any CPU
		{2A5BA5DD-3E47-4727-9F99-B01ED78640AE}.Ad-Hoc|ARM.ActiveCfg = Debug|Any CPU
		{2A5BA5DD-3E47-4727-9F99-B01ED78640AE}.Ad-Hoc|ARM.Build.0 = Debug|Any CPU
		{2A5BA5DD-3E47-4727-9F99-B01ED78640AE}.Ad-Hoc|iPhone.ActiveCfg = Debug|Any CPU
		{2A5BA5DD-3E47-4727-9F99-B01ED78640AE}.Ad-Hoc|iPhone.Build.0 = Debug|Any CPU
		{2A5BA5DD-3E47-4727-9F99-B01ED78640AE}.Ad-Hoc|iPhoneSimulator.ActiveCfg = Debug|Any CPU
		{2A5BA5DD-3E47-4727-9F99-B01ED78640AE}.Ad-Hoc|iPhoneSimulator.Build.0 = Debug|Any CPU
		{2A5BA5DD-3E47-4727-9F99-B01ED78640AE}.Ad-Hoc|x64.ActiveCfg = Debug|Any CPU
		{2A5BA5DD-3E47-4727-9F99-B01ED78640AE}.Ad-Hoc|x64.Build.0 = Debug|Any CPU
		{2A5BA5DD-3E47-4727-9F99-B01ED78640AE}.Ad-Hoc|x86.ActiveCfg = Debug|Any CPU
		{2A5BA5DD-3E47-4727-9F99-B01ED78640AE}.Ad-Hoc|x86.Build.0 = Debug|Any CPU
		{2A5BA5DD-3E47-4727-9F99-B01ED78640AE}.AppStore|Any CPU.ActiveCfg = Debug|Any CPU
		{2A5BA5DD-3E47-4727-9F99-B01ED78640AE}.AppStore|Any CPU.Build.0 = Debug|Any CPU
		{2A5BA5DD-3E47-4727-9F99-B01ED78640AE}.AppStore|ARM.ActiveCfg = Debug|Any CPU
		{2A5BA5DD-3E47-4727-9F99-B01ED78640AE}.AppStore|ARM.Build.0 = Debug|Any CPU
		{2A5BA5DD-3E47-4727-9F99-B01ED78640AE}.AppStore|iPhone.ActiveCfg = Debug|Any CPU
		{2A5BA5DD-3E47-4727-9F99-B01ED78640AE}.AppStore|iPhone.Build.0 = Debug|Any CPU
		{2A5BA5DD-3E47-4727-9F99-B01ED78640AE}.AppStore|iPhoneSimulator.ActiveCfg = Debug|Any CPU
		{2A5BA5DD-3E47-4727-9F99-B01ED78640AE}.AppStore|iPhoneSimulator.Build.0 = Debug|Any CPU
		{2A5BA5DD-3E47-4727-9F99-B01ED78640AE}.AppStore|x64.ActiveCfg = Debug|Any CPU
		{2A5BA5DD-3E47-4727-9F99-B01ED78640AE}.AppStore|x64.Build.0 = Debug|Any CPU
		{2A5BA5DD-3E47-4727-9F99-B01ED78640AE}.AppStore|x86.ActiveCfg = Debug|Any CPU
		{2A5BA5DD-3E47-4727-9F99-B01ED78640AE}.AppStore|x86.Build.0 = Debug|Any CPU
		{2A5BA5DD-3E47-4727-9F99-B01ED78640AE}.Debug|Any CPU.ActiveCfg = Debug|Any CPU
		{2A5BA5DD-3E47-4727-9F99-B01ED78640AE}.Debug|Any CPU.Build.0 = Debug|Any CPU
		{2A5BA5DD-3E47-4727-9F99-B01ED78640AE}.Debug|ARM.ActiveCfg = Debug|Any CPU
		{2A5BA5DD-3E47-4727-9F99-B01ED78640AE}.Debug|ARM.Build.0 = Debug|Any CPU
		{2A5BA5DD-3E47-4727-9F99-B01ED78640AE}.Debug|iPhone.ActiveCfg = Debug|Any CPU
		{2A5BA5DD-3E47-4727-9F99-B01ED78640AE}.Debug|iPhone.Build.0 = Debug|Any CPU
		{2A5BA5DD-3E47-4727-9F99-B01ED78640AE}.Debug|iPhoneSimulator.ActiveCfg = Debug|Any CPU
		{2A5BA5DD-3E47-4727-9F99-B01ED78640AE}.Debug|iPhoneSimulator.Build.0 = Debug|Any CPU
		{2A5BA5DD-3E47-4727-9F99-B01ED78640AE}.Debug|x64.ActiveCfg = Debug|Any CPU
		{2A5BA5DD-3E47-4727-9F99-B01ED78640AE}.Debug|x64.Build.0 = Debug|Any CPU
		{2A5BA5DD-3E47-4727-9F99-B01ED78640AE}.Debug|x86.ActiveCfg = Debug|Any CPU
		{2A5BA5DD-3E47-4727-9F99-B01ED78640AE}.Debug|x86.Build.0 = Debug|Any CPU
		{2A5BA5DD-3E47-4727-9F99-B01ED78640AE}.Release|Any CPU.ActiveCfg = Release|Any CPU
		{2A5BA5DD-3E47-4727-9F99-B01ED78640AE}.Release|Any CPU.Build.0 = Release|Any CPU
		{2A5BA5DD-3E47-4727-9F99-B01ED78640AE}.Release|ARM.ActiveCfg = Release|Any CPU
		{2A5BA5DD-3E47-4727-9F99-B01ED78640AE}.Release|ARM.Build.0 = Release|Any CPU
		{2A5BA5DD-3E47-4727-9F99-B01ED78640AE}.Release|iPhone.ActiveCfg = Release|Any CPU
		{2A5BA5DD-3E47-4727-9F99-B01ED78640AE}.Release|iPhone.Build.0 = Release|Any CPU
		{2A5BA5DD-3E47-4727-9F99-B01ED78640AE}.Release|iPhoneSimulator.ActiveCfg = Release|Any CPU
		{2A5BA5DD-3E47-4727-9F99-B01ED78640AE}.Release|iPhoneSimulator.Build.0 = Release|Any CPU
		{2A5BA5DD-3E47-4727-9F99-B01ED78640AE}.Release|x64.ActiveCfg = Release|Any CPU
		{2A5BA5DD-3E47-4727-9F99-B01ED78640AE}.Release|x64.Build.0 = Release|Any CPU
		{2A5BA5DD-3E47-4727-9F99-B01ED78640AE}.Release|x86.ActiveCfg = Release|Any CPU
		{2A5BA5DD-3E47-4727-9F99-B01ED78640AE}.Release|x86.Build.0 = Release|Any CPU
		{65AE9BE9-7BE2-43E4-953C-F357DD472A60}.Ad-Hoc|Any CPU.ActiveCfg = Debug|Any CPU
		{65AE9BE9-7BE2-43E4-953C-F357DD472A60}.Ad-Hoc|Any CPU.Build.0 = Debug|Any CPU
		{65AE9BE9-7BE2-43E4-953C-F357DD472A60}.Ad-Hoc|ARM.ActiveCfg = Debug|Any CPU
		{65AE9BE9-7BE2-43E4-953C-F357DD472A60}.Ad-Hoc|ARM.Build.0 = Debug|Any CPU
		{65AE9BE9-7BE2-43E4-953C-F357DD472A60}.Ad-Hoc|iPhone.ActiveCfg = Debug|Any CPU
		{65AE9BE9-7BE2-43E4-953C-F357DD472A60}.Ad-Hoc|iPhone.Build.0 = Debug|Any CPU
		{65AE9BE9-7BE2-43E4-953C-F357DD472A60}.Ad-Hoc|iPhoneSimulator.ActiveCfg = Debug|Any CPU
		{65AE9BE9-7BE2-43E4-953C-F357DD472A60}.Ad-Hoc|iPhoneSimulator.Build.0 = Debug|Any CPU
		{65AE9BE9-7BE2-43E4-953C-F357DD472A60}.Ad-Hoc|x64.ActiveCfg = Debug|Any CPU
		{65AE9BE9-7BE2-43E4-953C-F357DD472A60}.Ad-Hoc|x64.Build.0 = Debug|Any CPU
		{65AE9BE9-7BE2-43E4-953C-F357DD472A60}.Ad-Hoc|x86.ActiveCfg = Debug|Any CPU
		{65AE9BE9-7BE2-43E4-953C-F357DD472A60}.Ad-Hoc|x86.Build.0 = Debug|Any CPU
		{65AE9BE9-7BE2-43E4-953C-F357DD472A60}.AppStore|Any CPU.ActiveCfg = Debug|Any CPU
		{65AE9BE9-7BE2-43E4-953C-F357DD472A60}.AppStore|Any CPU.Build.0 = Debug|Any CPU
		{65AE9BE9-7BE2-43E4-953C-F357DD472A60}.AppStore|ARM.ActiveCfg = Debug|Any CPU
		{65AE9BE9-7BE2-43E4-953C-F357DD472A60}.AppStore|ARM.Build.0 = Debug|Any CPU
		{65AE9BE9-7BE2-43E4-953C-F357DD472A60}.AppStore|iPhone.ActiveCfg = Debug|Any CPU
		{65AE9BE9-7BE2-43E4-953C-F357DD472A60}.AppStore|iPhone.Build.0 = Debug|Any CPU
		{65AE9BE9-7BE2-43E4-953C-F357DD472A60}.AppStore|iPhoneSimulator.ActiveCfg = Debug|Any CPU
		{65AE9BE9-7BE2-43E4-953C-F357DD472A60}.AppStore|iPhoneSimulator.Build.0 = Debug|Any CPU
		{65AE9BE9-7BE2-43E4-953C-F357DD472A60}.AppStore|x64.ActiveCfg = Debug|Any CPU
		{65AE9BE9-7BE2-43E4-953C-F357DD472A60}.AppStore|x64.Build.0 = Debug|Any CPU
		{65AE9BE9-7BE2-43E4-953C-F357DD472A60}.AppStore|x86.ActiveCfg = Debug|Any CPU
		{65AE9BE9-7BE2-43E4-953C-F357DD472A60}.AppStore|x86.Build.0 = Debug|Any CPU
		{65AE9BE9-7BE2-43E4-953C-F357DD472A60}.Debug|Any CPU.ActiveCfg = Debug|Any CPU
		{65AE9BE9-7BE2-43E4-953C-F357DD472A60}.Debug|Any CPU.Build.0 = Debug|Any CPU
		{65AE9BE9-7BE2-43E4-953C-F357DD472A60}.Debug|ARM.ActiveCfg = Debug|Any CPU
		{65AE9BE9-7BE2-43E4-953C-F357DD472A60}.Debug|ARM.Build.0 = Debug|Any CPU
		{65AE9BE9-7BE2-43E4-953C-F357DD472A60}.Debug|iPhone.ActiveCfg = Debug|Any CPU
		{65AE9BE9-7BE2-43E4-953C-F357DD472A60}.Debug|iPhone.Build.0 = Debug|Any CPU
		{65AE9BE9-7BE2-43E4-953C-F357DD472A60}.Debug|iPhoneSimulator.ActiveCfg = Debug|Any CPU
		{65AE9BE9-7BE2-43E4-953C-F357DD472A60}.Debug|iPhoneSimulator.Build.0 = Debug|Any CPU
		{65AE9BE9-7BE2-43E4-953C-F357DD472A60}.Debug|x64.ActiveCfg = Debug|Any CPU
		{65AE9BE9-7BE2-43E4-953C-F357DD472A60}.Debug|x64.Build.0 = Debug|Any CPU
		{65AE9BE9-7BE2-43E4-953C-F357DD472A60}.Debug|x86.ActiveCfg = Debug|Any CPU
		{65AE9BE9-7BE2-43E4-953C-F357DD472A60}.Debug|x86.Build.0 = Debug|Any CPU
		{65AE9BE9-7BE2-43E4-953C-F357DD472A60}.Release|Any CPU.ActiveCfg = Release|Any CPU
		{65AE9BE9-7BE2-43E4-953C-F357DD472A60}.Release|Any CPU.Build.0 = Release|Any CPU
		{65AE9BE9-7BE2-43E4-953C-F357DD472A60}.Release|ARM.ActiveCfg = Release|Any CPU
		{65AE9BE9-7BE2-43E4-953C-F357DD472A60}.Release|ARM.Build.0 = Release|Any CPU
		{65AE9BE9-7BE2-43E4-953C-F357DD472A60}.Release|iPhone.ActiveCfg = Release|Any CPU
		{65AE9BE9-7BE2-43E4-953C-F357DD472A60}.Release|iPhone.Build.0 = Release|Any CPU
		{65AE9BE9-7BE2-43E4-953C-F357DD472A60}.Release|iPhoneSimulator.ActiveCfg = Release|Any CPU
		{65AE9BE9-7BE2-43E4-953C-F357DD472A60}.Release|iPhoneSimulator.Build.0 = Release|Any CPU
		{65AE9BE9-7BE2-43E4-953C-F357DD472A60}.Release|x64.ActiveCfg = Release|Any CPU
		{65AE9BE9-7BE2-43E4-953C-F357DD472A60}.Release|x64.Build.0 = Release|Any CPU
		{65AE9BE9-7BE2-43E4-953C-F357DD472A60}.Release|x86.ActiveCfg = Release|Any CPU
		{65AE9BE9-7BE2-43E4-953C-F357DD472A60}.Release|x86.Build.0 = Release|Any CPU
		{BC0AE41B-B446-4CA7-BAA1-501762986D17}.Ad-Hoc|Any CPU.ActiveCfg = Debug|Any CPU
		{BC0AE41B-B446-4CA7-BAA1-501762986D17}.Ad-Hoc|Any CPU.Build.0 = Debug|Any CPU
		{BC0AE41B-B446-4CA7-BAA1-501762986D17}.Ad-Hoc|ARM.ActiveCfg = Debug|Any CPU
		{BC0AE41B-B446-4CA7-BAA1-501762986D17}.Ad-Hoc|ARM.Build.0 = Debug|Any CPU
		{BC0AE41B-B446-4CA7-BAA1-501762986D17}.Ad-Hoc|iPhone.ActiveCfg = Debug|Any CPU
		{BC0AE41B-B446-4CA7-BAA1-501762986D17}.Ad-Hoc|iPhone.Build.0 = Debug|Any CPU
		{BC0AE41B-B446-4CA7-BAA1-501762986D17}.Ad-Hoc|iPhoneSimulator.ActiveCfg = Debug|Any CPU
		{BC0AE41B-B446-4CA7-BAA1-501762986D17}.Ad-Hoc|iPhoneSimulator.Build.0 = Debug|Any CPU
		{BC0AE41B-B446-4CA7-BAA1-501762986D17}.Ad-Hoc|x64.ActiveCfg = Debug|Any CPU
		{BC0AE41B-B446-4CA7-BAA1-501762986D17}.Ad-Hoc|x64.Build.0 = Debug|Any CPU
		{BC0AE41B-B446-4CA7-BAA1-501762986D17}.Ad-Hoc|x86.ActiveCfg = Debug|Any CPU
		{BC0AE41B-B446-4CA7-BAA1-501762986D17}.Ad-Hoc|x86.Build.0 = Debug|Any CPU
		{BC0AE41B-B446-4CA7-BAA1-501762986D17}.AppStore|Any CPU.ActiveCfg = Debug|Any CPU
		{BC0AE41B-B446-4CA7-BAA1-501762986D17}.AppStore|Any CPU.Build.0 = Debug|Any CPU
		{BC0AE41B-B446-4CA7-BAA1-501762986D17}.AppStore|ARM.ActiveCfg = Debug|Any CPU
		{BC0AE41B-B446-4CA7-BAA1-501762986D17}.AppStore|ARM.Build.0 = Debug|Any CPU
		{BC0AE41B-B446-4CA7-BAA1-501762986D17}.AppStore|iPhone.ActiveCfg = Debug|Any CPU
		{BC0AE41B-B446-4CA7-BAA1-501762986D17}.AppStore|iPhone.Build.0 = Debug|Any CPU
		{BC0AE41B-B446-4CA7-BAA1-501762986D17}.AppStore|iPhoneSimulator.ActiveCfg = Debug|Any CPU
		{BC0AE41B-B446-4CA7-BAA1-501762986D17}.AppStore|iPhoneSimulator.Build.0 = Debug|Any CPU
		{BC0AE41B-B446-4CA7-BAA1-501762986D17}.AppStore|x64.ActiveCfg = Debug|Any CPU
		{BC0AE41B-B446-4CA7-BAA1-501762986D17}.AppStore|x64.Build.0 = Debug|Any CPU
		{BC0AE41B-B446-4CA7-BAA1-501762986D17}.AppStore|x86.ActiveCfg = Debug|Any CPU
		{BC0AE41B-B446-4CA7-BAA1-501762986D17}.AppStore|x86.Build.0 = Debug|Any CPU
		{BC0AE41B-B446-4CA7-BAA1-501762986D17}.Debug|Any CPU.ActiveCfg = Debug|Any CPU
		{BC0AE41B-B446-4CA7-BAA1-501762986D17}.Debug|Any CPU.Build.0 = Debug|Any CPU
		{BC0AE41B-B446-4CA7-BAA1-501762986D17}.Debug|ARM.ActiveCfg = Debug|Any CPU
		{BC0AE41B-B446-4CA7-BAA1-501762986D17}.Debug|ARM.Build.0 = Debug|Any CPU
		{BC0AE41B-B446-4CA7-BAA1-501762986D17}.Debug|iPhone.ActiveCfg = Debug|Any CPU
		{BC0AE41B-B446-4CA7-BAA1-501762986D17}.Debug|iPhone.Build.0 = Debug|Any CPU
		{BC0AE41B-B446-4CA7-BAA1-501762986D17}.Debug|iPhoneSimulator.ActiveCfg = Debug|Any CPU
		{BC0AE41B-B446-4CA7-BAA1-501762986D17}.Debug|iPhoneSimulator.Build.0 = Debug|Any CPU
		{BC0AE41B-B446-4CA7-BAA1-501762986D17}.Debug|x64.ActiveCfg = Debug|Any CPU
		{BC0AE41B-B446-4CA7-BAA1-501762986D17}.Debug|x64.Build.0 = Debug|Any CPU
		{BC0AE41B-B446-4CA7-BAA1-501762986D17}.Debug|x86.ActiveCfg = Debug|Any CPU
		{BC0AE41B-B446-4CA7-BAA1-501762986D17}.Debug|x86.Build.0 = Debug|Any CPU
		{BC0AE41B-B446-4CA7-BAA1-501762986D17}.Release|Any CPU.ActiveCfg = Release|Any CPU
		{BC0AE41B-B446-4CA7-BAA1-501762986D17}.Release|Any CPU.Build.0 = Release|Any CPU
		{BC0AE41B-B446-4CA7-BAA1-501762986D17}.Release|ARM.ActiveCfg = Release|Any CPU
		{BC0AE41B-B446-4CA7-BAA1-501762986D17}.Release|ARM.Build.0 = Release|Any CPU
		{BC0AE41B-B446-4CA7-BAA1-501762986D17}.Release|iPhone.ActiveCfg = Release|Any CPU
		{BC0AE41B-B446-4CA7-BAA1-501762986D17}.Release|iPhone.Build.0 = Release|Any CPU
		{BC0AE41B-B446-4CA7-BAA1-501762986D17}.Release|iPhoneSimulator.ActiveCfg = Release|Any CPU
		{BC0AE41B-B446-4CA7-BAA1-501762986D17}.Release|iPhoneSimulator.Build.0 = Release|Any CPU
		{BC0AE41B-B446-4CA7-BAA1-501762986D17}.Release|x64.ActiveCfg = Release|Any CPU
		{BC0AE41B-B446-4CA7-BAA1-501762986D17}.Release|x64.Build.0 = Release|Any CPU
		{BC0AE41B-B446-4CA7-BAA1-501762986D17}.Release|x86.ActiveCfg = Release|Any CPU
		{BC0AE41B-B446-4CA7-BAA1-501762986D17}.Release|x86.Build.0 = Release|Any CPU
		{0597F869-DCB7-4DAA-8ACF-1A3E0B6C5A17}.Ad-Hoc|Any CPU.ActiveCfg = Debug|Any CPU
		{0597F869-DCB7-4DAA-8ACF-1A3E0B6C5A17}.Ad-Hoc|Any CPU.Build.0 = Debug|Any CPU
		{0597F869-DCB7-4DAA-8ACF-1A3E0B6C5A17}.Ad-Hoc|ARM.ActiveCfg = Debug|Any CPU
		{0597F869-DCB7-4DAA-8ACF-1A3E0B6C5A17}.Ad-Hoc|ARM.Build.0 = Debug|Any CPU
		{0597F869-DCB7-4DAA-8ACF-1A3E0B6C5A17}.Ad-Hoc|iPhone.ActiveCfg = Debug|Any CPU
		{0597F869-DCB7-4DAA-8ACF-1A3E0B6C5A17}.Ad-Hoc|iPhone.Build.0 = Debug|Any CPU
		{0597F869-DCB7-4DAA-8ACF-1A3E0B6C5A17}.Ad-Hoc|iPhoneSimulator.ActiveCfg = Debug|Any CPU
		{0597F869-DCB7-4DAA-8ACF-1A3E0B6C5A17}.Ad-Hoc|iPhoneSimulator.Build.0 = Debug|Any CPU
		{0597F869-DCB7-4DAA-8ACF-1A3E0B6C5A17}.Ad-Hoc|x64.ActiveCfg = Debug|Any CPU
		{0597F869-DCB7-4DAA-8ACF-1A3E0B6C5A17}.Ad-Hoc|x64.Build.0 = Debug|Any CPU
		{0597F869-DCB7-4DAA-8ACF-1A3E0B6C5A17}.Ad-Hoc|x86.ActiveCfg = Debug|Any CPU
		{0597F869-DCB7-4DAA-8ACF-1A3E0B6C5A17}.Ad-Hoc|x86.Build.0 = Debug|Any CPU
		{0597F869-DCB7-4DAA-8ACF-1A3E0B6C5A17}.AppStore|Any CPU.ActiveCfg = Debug|Any CPU
		{0597F869-DCB7-4DAA-8ACF-1A3E0B6C5A17}.AppStore|Any CPU.Build.0 = Debug|Any CPU
		{0597F869-DCB7-4DAA-8ACF-1A3E0B6C5A17}.AppStore|ARM.ActiveCfg = Debug|Any CPU
		{0597F869-DCB7-4DAA-8ACF-1A3E0B6C5A17}.AppStore|ARM.Build.0 = Debug|Any CPU
		{0597F869-DCB7-4DAA-8ACF-1A3E0B6C5A17}.AppStore|iPhone.ActiveCfg = Debug|Any CPU
		{0597F869-DCB7-4DAA-8ACF-1A3E0B6C5A17}.AppStore|iPhone.Build.0 = Debug|Any CPU
		{0597F869-DCB7-4DAA-8ACF-1A3E0B6C5A17}.AppStore|iPhoneSimulator.ActiveCfg = Debug|Any CPU
		{0597F869-DCB7-4DAA-8ACF-1A3E0B6C5A17}.AppStore|iPhoneSimulator.Build.0 = Debug|Any CPU
		{0597F869-DCB7-4DAA-8ACF-1A3E0B6C5A17}.AppStore|x64.ActiveCfg = Debug|Any CPU
		{0597F869-DCB7-4DAA-8ACF-1A3E0B6C5A17}.AppStore|x64.Build.0 = Debug|Any CPU
		{0597F869-DCB7-4DAA-8ACF-1A3E0B6C5A17}.AppStore|x86.ActiveCfg = Debug|Any CPU
		{0597F869-DCB7-4DAA-8ACF-1A3E0B6C5A17}.AppStore|x86.Build.0 = Debug|Any CPU
		{0597F869-DCB7-4DAA-8ACF-1A3E0B6C5A17}.Debug|Any CPU.ActiveCfg = Debug|Any CPU
		{0597F869-DCB7-4DAA-8ACF-1A3E0B6C5A17}.Debug|Any CPU.Build.0 = Debug|Any CPU
		{0597F869-DCB7-4DAA-8ACF-1A3E0B6C5A17}.Debug|ARM.ActiveCfg = Debug|Any CPU
		{0597F869-DCB7-4DAA-8ACF-1A3E0B6C5A17}.Debug|ARM.Build.0 = Debug|Any CPU
		{0597F869-DCB7-4DAA-8ACF-1A3E0B6C5A17}.Debug|iPhone.ActiveCfg = Debug|Any CPU
		{0597F869-DCB7-4DAA-8ACF-1A3E0B6C5A17}.Debug|iPhone.Build.0 = Debug|Any CPU
		{0597F869-DCB7-4DAA-8ACF-1A3E0B6C5A17}.Debug|iPhoneSimulator.ActiveCfg = Debug|Any CPU
		{0597F869-DCB7-4DAA-8ACF-1A3E0B6C5A17}.Debug|iPhoneSimulator.Build.0 = Debug|Any CPU
		{0597F869-DCB7-4DAA-8ACF-1A3E0B6C5A17}.Debug|x64.ActiveCfg = Debug|Any CPU
		{0597F869-DCB7-4DAA-8ACF-1A3E0B6C5A17}.Debug|x64.Build.0 = Debug|Any CPU
		{0597F869-DCB7-4DAA-8ACF-1A3E0B6C5A17}.Debug|x86.ActiveCfg = Debug|Any CPU
		{0597F869-DCB7-4DAA-8ACF-1A3E0B6C5A17}.Debug|x86.Build.0 = Debug|Any CPU
		{0597F869-DCB7-4DAA-8ACF-1A3E0B6C5A17}.Release|Any CPU.ActiveCfg = Release|Any CPU
		{0597F869-DCB7-4DAA-8ACF-1A3E0B6C5A17}.Release|Any CPU.Build.0 = Release|Any CPU
		{0597F869-DCB7-4DAA-8ACF-1A3E0B6C5A17}.Release|ARM.ActiveCfg = Release|Any CPU
		{0597F869-DCB7-4DAA-8ACF-1A3E0B6C5A17}.Release|ARM.Build.0 = Release|Any CPU
		{0597F869-DCB7-4DAA-8ACF-1A3E0B6C5A17}.Release|iPhone.ActiveCfg = Release|Any CPU
		{0597F869-DCB7-4DAA-8ACF-1A3E0B6C5A17}.Release|iPhone.Build.0 = Release|Any CPU
		{0597F869-DCB7-4DAA-8ACF-1A3E0B6C5A17}.Release|iPhoneSimulator.ActiveCfg = Release|Any CPU
		{0597F869-DCB7-4DAA-8ACF-1A3E0B6C5A17}.Release|iPhoneSimulator.Build.0 = Release|Any CPU
		{0597F869-DCB7-4DAA-8ACF-1A3E0B6C5A17}.Release|x64.ActiveCfg = Release|Any CPU
		{0597F869-DCB7-4DAA-8ACF-1A3E0B6C5A17}.Release|x64.Build.0 = Release|Any CPU
		{0597F869-DCB7-4DAA-8ACF-1A3E0B6C5A17}.Release|x86.ActiveCfg = Release|Any CPU
		{0597F869-DCB7-4DAA-8ACF-1A3E0B6C5A17}.Release|x86.Build.0 = Release|Any CPU
		{6A2DE697-FA20-45CA-9E81-BF42CED53FA8}.Ad-Hoc|Any CPU.ActiveCfg = Debug|Any CPU
		{6A2DE697-FA20-45CA-9E81-BF42CED53FA8}.Ad-Hoc|Any CPU.Build.0 = Debug|Any CPU
		{6A2DE697-FA20-45CA-9E81-BF42CED53FA8}.Ad-Hoc|ARM.ActiveCfg = Debug|Any CPU
		{6A2DE697-FA20-45CA-9E81-BF42CED53FA8}.Ad-Hoc|ARM.Build.0 = Debug|Any CPU
		{6A2DE697-FA20-45CA-9E81-BF42CED53FA8}.Ad-Hoc|iPhone.ActiveCfg = Debug|Any CPU
		{6A2DE697-FA20-45CA-9E81-BF42CED53FA8}.Ad-Hoc|iPhone.Build.0 = Debug|Any CPU
		{6A2DE697-FA20-45CA-9E81-BF42CED53FA8}.Ad-Hoc|iPhoneSimulator.ActiveCfg = Debug|Any CPU
		{6A2DE697-FA20-45CA-9E81-BF42CED53FA8}.Ad-Hoc|iPhoneSimulator.Build.0 = Debug|Any CPU
		{6A2DE697-FA20-45CA-9E81-BF42CED53FA8}.Ad-Hoc|x64.ActiveCfg = Debug|Any CPU
		{6A2DE697-FA20-45CA-9E81-BF42CED53FA8}.Ad-Hoc|x64.Build.0 = Debug|Any CPU
		{6A2DE697-FA20-45CA-9E81-BF42CED53FA8}.Ad-Hoc|x86.ActiveCfg = Debug|Any CPU
		{6A2DE697-FA20-45CA-9E81-BF42CED53FA8}.Ad-Hoc|x86.Build.0 = Debug|Any CPU
		{6A2DE697-FA20-45CA-9E81-BF42CED53FA8}.AppStore|Any CPU.ActiveCfg = Debug|Any CPU
		{6A2DE697-FA20-45CA-9E81-BF42CED53FA8}.AppStore|Any CPU.Build.0 = Debug|Any CPU
		{6A2DE697-FA20-45CA-9E81-BF42CED53FA8}.AppStore|ARM.ActiveCfg = Debug|Any CPU
		{6A2DE697-FA20-45CA-9E81-BF42CED53FA8}.AppStore|ARM.Build.0 = Debug|Any CPU
		{6A2DE697-FA20-45CA-9E81-BF42CED53FA8}.AppStore|iPhone.ActiveCfg = Debug|Any CPU
		{6A2DE697-FA20-45CA-9E81-BF42CED53FA8}.AppStore|iPhone.Build.0 = Debug|Any CPU
		{6A2DE697-FA20-45CA-9E81-BF42CED53FA8}.AppStore|iPhoneSimulator.ActiveCfg = Debug|Any CPU
		{6A2DE697-FA20-45CA-9E81-BF42CED53FA8}.AppStore|iPhoneSimulator.Build.0 = Debug|Any CPU
		{6A2DE697-FA20-45CA-9E81-BF42CED53FA8}.AppStore|x64.ActiveCfg = Debug|Any CPU
		{6A2DE697-FA20-45CA-9E81-BF42CED53FA8}.AppStore|x64.Build.0 = Debug|Any CPU
		{6A2DE697-FA20-45CA-9E81-BF42CED53FA8}.AppStore|x86.ActiveCfg = Debug|Any CPU
		{6A2DE697-FA20-45CA-9E81-BF42CED53FA8}.AppStore|x86.Build.0 = Debug|Any CPU
		{6A2DE697-FA20-45CA-9E81-BF42CED53FA8}.Debug|Any CPU.ActiveCfg = Debug|Any CPU
		{6A2DE697-FA20-45CA-9E81-BF42CED53FA8}.Debug|Any CPU.Build.0 = Debug|Any CPU
		{6A2DE697-FA20-45CA-9E81-BF42CED53FA8}.Debug|ARM.ActiveCfg = Debug|Any CPU
		{6A2DE697-FA20-45CA-9E81-BF42CED53FA8}.Debug|ARM.Build.0 = Debug|Any CPU
		{6A2DE697-FA20-45CA-9E81-BF42CED53FA8}.Debug|iPhone.ActiveCfg = Debug|Any CPU
		{6A2DE697-FA20-45CA-9E81-BF42CED53FA8}.Debug|iPhone.Build.0 = Debug|Any CPU
		{6A2DE697-FA20-45CA-9E81-BF42CED53FA8}.Debug|iPhoneSimulator.ActiveCfg = Debug|Any CPU
		{6A2DE697-FA20-45CA-9E81-BF42CED53FA8}.Debug|iPhoneSimulator.Build.0 = Debug|Any CPU
		{6A2DE697-FA20-45CA-9E81-BF42CED53FA8}.Debug|x64.ActiveCfg = Debug|Any CPU
		{6A2DE697-FA20-45CA-9E81-BF42CED53FA8}.Debug|x64.Build.0 = Debug|Any CPU
		{6A2DE697-FA20-45CA-9E81-BF42CED53FA8}.Debug|x86.ActiveCfg = Debug|Any CPU
		{6A2DE697-FA20-45CA-9E81-BF42CED53FA8}.Debug|x86.Build.0 = Debug|Any CPU
		{6A2DE697-FA20-45CA-9E81-BF42CED53FA8}.Release|Any CPU.ActiveCfg = Release|Any CPU
		{6A2DE697-FA20-45CA-9E81-BF42CED53FA8}.Release|Any CPU.Build.0 = Release|Any CPU
		{6A2DE697-FA20-45CA-9E81-BF42CED53FA8}.Release|ARM.ActiveCfg = Release|Any CPU
		{6A2DE697-FA20-45CA-9E81-BF42CED53FA8}.Release|ARM.Build.0 = Release|Any CPU
		{6A2DE697-FA20-45CA-9E81-BF42CED53FA8}.Release|iPhone.ActiveCfg = Release|Any CPU
		{6A2DE697-FA20-45CA-9E81-BF42CED53FA8}.Release|iPhone.Build.0 = Release|Any CPU
		{6A2DE697-FA20-45CA-9E81-BF42CED53FA8}.Release|iPhoneSimulator.ActiveCfg = Release|Any CPU
		{6A2DE697-FA20-45CA-9E81-BF42CED53FA8}.Release|iPhoneSimulator.Build.0 = Release|Any CPU
		{6A2DE697-FA20-45CA-9E81-BF42CED53FA8}.Release|x64.ActiveCfg = Release|Any CPU
		{6A2DE697-FA20-45CA-9E81-BF42CED53FA8}.Release|x64.Build.0 = Release|Any CPU
		{6A2DE697-FA20-45CA-9E81-BF42CED53FA8}.Release|x86.ActiveCfg = Release|Any CPU
		{6A2DE697-FA20-45CA-9E81-BF42CED53FA8}.Release|x86.Build.0 = Release|Any CPU
		{601D0AA3-C91E-4659-BE7D-CACE1CC91262}.Ad-Hoc|Any CPU.ActiveCfg = Debug|Any CPU
		{601D0AA3-C91E-4659-BE7D-CACE1CC91262}.Ad-Hoc|Any CPU.Build.0 = Debug|Any CPU
		{601D0AA3-C91E-4659-BE7D-CACE1CC91262}.Ad-Hoc|ARM.ActiveCfg = Debug|Any CPU
		{601D0AA3-C91E-4659-BE7D-CACE1CC91262}.Ad-Hoc|ARM.Build.0 = Debug|Any CPU
		{601D0AA3-C91E-4659-BE7D-CACE1CC91262}.Ad-Hoc|iPhone.ActiveCfg = Debug|Any CPU
		{601D0AA3-C91E-4659-BE7D-CACE1CC91262}.Ad-Hoc|iPhone.Build.0 = Debug|Any CPU
		{601D0AA3-C91E-4659-BE7D-CACE1CC91262}.Ad-Hoc|iPhoneSimulator.ActiveCfg = Debug|Any CPU
		{601D0AA3-C91E-4659-BE7D-CACE1CC91262}.Ad-Hoc|iPhoneSimulator.Build.0 = Debug|Any CPU
		{601D0AA3-C91E-4659-BE7D-CACE1CC91262}.Ad-Hoc|x64.ActiveCfg = Debug|Any CPU
		{601D0AA3-C91E-4659-BE7D-CACE1CC91262}.Ad-Hoc|x64.Build.0 = Debug|Any CPU
		{601D0AA3-C91E-4659-BE7D-CACE1CC91262}.Ad-Hoc|x86.ActiveCfg = Debug|Any CPU
		{601D0AA3-C91E-4659-BE7D-CACE1CC91262}.Ad-Hoc|x86.Build.0 = Debug|Any CPU
		{601D0AA3-C91E-4659-BE7D-CACE1CC91262}.AppStore|Any CPU.ActiveCfg = Debug|Any CPU
		{601D0AA3-C91E-4659-BE7D-CACE1CC91262}.AppStore|Any CPU.Build.0 = Debug|Any CPU
		{601D0AA3-C91E-4659-BE7D-CACE1CC91262}.AppStore|ARM.ActiveCfg = Debug|Any CPU
		{601D0AA3-C91E-4659-BE7D-CACE1CC91262}.AppStore|ARM.Build.0 = Debug|Any CPU
		{601D0AA3-C91E-4659-BE7D-CACE1CC91262}.AppStore|iPhone.ActiveCfg = Debug|Any CPU
		{601D0AA3-C91E-4659-BE7D-CACE1CC91262}.AppStore|iPhone.Build.0 = Debug|Any CPU
		{601D0AA3-C91E-4659-BE7D-CACE1CC91262}.AppStore|iPhoneSimulator.ActiveCfg = Debug|Any CPU
		{601D0AA3-C91E-4659-BE7D-CACE1CC91262}.AppStore|iPhoneSimulator.Build.0 = Debug|Any CPU
		{601D0AA3-C91E-4659-BE7D-CACE1CC91262}.AppStore|x64.ActiveCfg = Debug|Any CPU
		{601D0AA3-C91E-4659-BE7D-CACE1CC91262}.AppStore|x64.Build.0 = Debug|Any CPU
		{601D0AA3-C91E-4659-BE7D-CACE1CC91262}.AppStore|x86.ActiveCfg = Debug|Any CPU
		{601D0AA3-C91E-4659-BE7D-CACE1CC91262}.AppStore|x86.Build.0 = Debug|Any CPU
		{601D0AA3-C91E-4659-BE7D-CACE1CC91262}.Debug|Any CPU.ActiveCfg = Debug|Any CPU
		{601D0AA3-C91E-4659-BE7D-CACE1CC91262}.Debug|Any CPU.Build.0 = Debug|Any CPU
		{601D0AA3-C91E-4659-BE7D-CACE1CC91262}.Debug|ARM.ActiveCfg = Debug|Any CPU
		{601D0AA3-C91E-4659-BE7D-CACE1CC91262}.Debug|ARM.Build.0 = Debug|Any CPU
		{601D0AA3-C91E-4659-BE7D-CACE1CC91262}.Debug|iPhone.ActiveCfg = Debug|Any CPU
		{601D0AA3-C91E-4659-BE7D-CACE1CC91262}.Debug|iPhone.Build.0 = Debug|Any CPU
		{601D0AA3-C91E-4659-BE7D-CACE1CC91262}.Debug|iPhoneSimulator.ActiveCfg = Debug|Any CPU
		{601D0AA3-C91E-4659-BE7D-CACE1CC91262}.Debug|iPhoneSimulator.Build.0 = Debug|Any CPU
		{601D0AA3-C91E-4659-BE7D-CACE1CC91262}.Debug|x64.ActiveCfg = Debug|Any CPU
		{601D0AA3-C91E-4659-BE7D-CACE1CC91262}.Debug|x64.Build.0 = Debug|Any CPU
		{601D0AA3-C91E-4659-BE7D-CACE1CC91262}.Debug|x86.ActiveCfg = Debug|Any CPU
		{601D0AA3-C91E-4659-BE7D-CACE1CC91262}.Debug|x86.Build.0 = Debug|Any CPU
		{601D0AA3-C91E-4659-BE7D-CACE1CC91262}.Release|Any CPU.ActiveCfg = Release|Any CPU
		{601D0AA3-C91E-4659-BE7D-CACE1CC91262}.Release|Any CPU.Build.0 = Release|Any CPU
		{601D0AA3-C91E-4659-BE7D-CACE1CC91262}.Release|ARM.ActiveCfg = Release|Any CPU
		{601D0AA3-C91E-4659-BE7D-CACE1CC91262}.Release|ARM.Build.0 = Release|Any CPU
		{601D0AA3-C91E-4659-BE7D-CACE1CC91262}.Release|iPhone.ActiveCfg = Release|Any CPU
		{601D0AA3-C91E-4659-BE7D-CACE1CC91262}.Release|iPhone.Build.0 = Release|Any CPU
		{601D0AA3-C91E-4659-BE7D-CACE1CC91262}.Release|iPhoneSimulator.ActiveCfg = Release|Any CPU
		{601D0AA3-C91E-4659-BE7D-CACE1CC91262}.Release|iPhoneSimulator.Build.0 = Release|Any CPU
		{601D0AA3-C91E-4659-BE7D-CACE1CC91262}.Release|x64.ActiveCfg = Release|Any CPU
		{601D0AA3-C91E-4659-BE7D-CACE1CC91262}.Release|x64.Build.0 = Release|Any CPU
		{601D0AA3-C91E-4659-BE7D-CACE1CC91262}.Release|x86.ActiveCfg = Release|Any CPU
		{601D0AA3-C91E-4659-BE7D-CACE1CC91262}.Release|x86.Build.0 = Release|Any CPU
		{27953C1E-6F4D-47F5-9891-9AAC1C540E42}.Ad-Hoc|Any CPU.ActiveCfg = Debug|Any CPU
		{27953C1E-6F4D-47F5-9891-9AAC1C540E42}.Ad-Hoc|Any CPU.Build.0 = Debug|Any CPU
		{27953C1E-6F4D-47F5-9891-9AAC1C540E42}.Ad-Hoc|ARM.ActiveCfg = Debug|Any CPU
		{27953C1E-6F4D-47F5-9891-9AAC1C540E42}.Ad-Hoc|ARM.Build.0 = Debug|Any CPU
		{27953C1E-6F4D-47F5-9891-9AAC1C540E42}.Ad-Hoc|iPhone.ActiveCfg = Debug|Any CPU
		{27953C1E-6F4D-47F5-9891-9AAC1C540E42}.Ad-Hoc|iPhone.Build.0 = Debug|Any CPU
		{27953C1E-6F4D-47F5-9891-9AAC1C540E42}.Ad-Hoc|iPhoneSimulator.ActiveCfg = Debug|Any CPU
		{27953C1E-6F4D-47F5-9891-9AAC1C540E42}.Ad-Hoc|iPhoneSimulator.Build.0 = Debug|Any CPU
		{27953C1E-6F4D-47F5-9891-9AAC1C540E42}.Ad-Hoc|x64.ActiveCfg = Debug|Any CPU
		{27953C1E-6F4D-47F5-9891-9AAC1C540E42}.Ad-Hoc|x64.Build.0 = Debug|Any CPU
		{27953C1E-6F4D-47F5-9891-9AAC1C540E42}.Ad-Hoc|x86.ActiveCfg = Debug|Any CPU
		{27953C1E-6F4D-47F5-9891-9AAC1C540E42}.Ad-Hoc|x86.Build.0 = Debug|Any CPU
		{27953C1E-6F4D-47F5-9891-9AAC1C540E42}.AppStore|Any CPU.ActiveCfg = Debug|Any CPU
		{27953C1E-6F4D-47F5-9891-9AAC1C540E42}.AppStore|Any CPU.Build.0 = Debug|Any CPU
		{27953C1E-6F4D-47F5-9891-9AAC1C540E42}.AppStore|ARM.ActiveCfg = Debug|Any CPU
		{27953C1E-6F4D-47F5-9891-9AAC1C540E42}.AppStore|ARM.Build.0 = Debug|Any CPU
		{27953C1E-6F4D-47F5-9891-9AAC1C540E42}.AppStore|iPhone.ActiveCfg = Debug|Any CPU
		{27953C1E-6F4D-47F5-9891-9AAC1C540E42}.AppStore|iPhone.Build.0 = Debug|Any CPU
		{27953C1E-6F4D-47F5-9891-9AAC1C540E42}.AppStore|iPhoneSimulator.ActiveCfg = Debug|Any CPU
		{27953C1E-6F4D-47F5-9891-9AAC1C540E42}.AppStore|iPhoneSimulator.Build.0 = Debug|Any CPU
		{27953C1E-6F4D-47F5-9891-9AAC1C540E42}.AppStore|x64.ActiveCfg = Debug|Any CPU
		{27953C1E-6F4D-47F5-9891-9AAC1C540E42}.AppStore|x64.Build.0 = Debug|Any CPU
		{27953C1E-6F4D-47F5-9891-9AAC1C540E42}.AppStore|x86.ActiveCfg = Debug|Any CPU
		{27953C1E-6F4D-47F5-9891-9AAC1C540E42}.AppStore|x86.Build.0 = Debug|Any CPU
		{27953C1E-6F4D-47F5-9891-9AAC1C540E42}.Debug|Any CPU.ActiveCfg = Debug|Any CPU
		{27953C1E-6F4D-47F5-9891-9AAC1C540E42}.Debug|Any CPU.Build.0 = Debug|Any CPU
		{27953C1E-6F4D-47F5-9891-9AAC1C540E42}.Debug|ARM.ActiveCfg = Debug|Any CPU
		{27953C1E-6F4D-47F5-9891-9AAC1C540E42}.Debug|ARM.Build.0 = Debug|Any CPU
		{27953C1E-6F4D-47F5-9891-9AAC1C540E42}.Debug|iPhone.ActiveCfg = Debug|Any CPU
		{27953C1E-6F4D-47F5-9891-9AAC1C540E42}.Debug|iPhone.Build.0 = Debug|Any CPU
		{27953C1E-6F4D-47F5-9891-9AAC1C540E42}.Debug|iPhoneSimulator.ActiveCfg = Debug|Any CPU
		{27953C1E-6F4D-47F5-9891-9AAC1C540E42}.Debug|iPhoneSimulator.Build.0 = Debug|Any CPU
		{27953C1E-6F4D-47F5-9891-9AAC1C540E42}.Debug|x64.ActiveCfg = Debug|Any CPU
		{27953C1E-6F4D-47F5-9891-9AAC1C540E42}.Debug|x64.Build.0 = Debug|Any CPU
		{27953C1E-6F4D-47F5-9891-9AAC1C540E42}.Debug|x86.ActiveCfg = Debug|Any CPU
		{27953C1E-6F4D-47F5-9891-9AAC1C540E42}.Debug|x86.Build.0 = Debug|Any CPU
		{27953C1E-6F4D-47F5-9891-9AAC1C540E42}.Release|Any CPU.ActiveCfg = Release|Any CPU
		{27953C1E-6F4D-47F5-9891-9AAC1C540E42}.Release|Any CPU.Build.0 = Release|Any CPU
		{27953C1E-6F4D-47F5-9891-9AAC1C540E42}.Release|ARM.ActiveCfg = Release|Any CPU
		{27953C1E-6F4D-47F5-9891-9AAC1C540E42}.Release|ARM.Build.0 = Release|Any CPU
		{27953C1E-6F4D-47F5-9891-9AAC1C540E42}.Release|iPhone.ActiveCfg = Release|Any CPU
		{27953C1E-6F4D-47F5-9891-9AAC1C540E42}.Release|iPhone.Build.0 = Release|Any CPU
		{27953C1E-6F4D-47F5-9891-9AAC1C540E42}.Release|iPhoneSimulator.ActiveCfg = Release|Any CPU
		{27953C1E-6F4D-47F5-9891-9AAC1C540E42}.Release|iPhoneSimulator.Build.0 = Release|Any CPU
		{27953C1E-6F4D-47F5-9891-9AAC1C540E42}.Release|x64.ActiveCfg = Release|Any CPU
		{27953C1E-6F4D-47F5-9891-9AAC1C540E42}.Release|x64.Build.0 = Release|Any CPU
		{27953C1E-6F4D-47F5-9891-9AAC1C540E42}.Release|x86.ActiveCfg = Release|Any CPU
		{27953C1E-6F4D-47F5-9891-9AAC1C540E42}.Release|x86.Build.0 = Release|Any CPU
		{A3BCA559-5E99-445E-B338-66A7DAE6C825}.Ad-Hoc|Any CPU.ActiveCfg = Debug|Any CPU
		{A3BCA559-5E99-445E-B338-66A7DAE6C825}.Ad-Hoc|Any CPU.Build.0 = Debug|Any CPU
		{A3BCA559-5E99-445E-B338-66A7DAE6C825}.Ad-Hoc|ARM.ActiveCfg = Debug|Any CPU
		{A3BCA559-5E99-445E-B338-66A7DAE6C825}.Ad-Hoc|ARM.Build.0 = Debug|Any CPU
		{A3BCA559-5E99-445E-B338-66A7DAE6C825}.Ad-Hoc|iPhone.ActiveCfg = Debug|Any CPU
		{A3BCA559-5E99-445E-B338-66A7DAE6C825}.Ad-Hoc|iPhone.Build.0 = Debug|Any CPU
		{A3BCA559-5E99-445E-B338-66A7DAE6C825}.Ad-Hoc|iPhoneSimulator.ActiveCfg = Debug|Any CPU
		{A3BCA559-5E99-445E-B338-66A7DAE6C825}.Ad-Hoc|iPhoneSimulator.Build.0 = Debug|Any CPU
		{A3BCA559-5E99-445E-B338-66A7DAE6C825}.Ad-Hoc|x64.ActiveCfg = Debug|Any CPU
		{A3BCA559-5E99-445E-B338-66A7DAE6C825}.Ad-Hoc|x64.Build.0 = Debug|Any CPU
		{A3BCA559-5E99-445E-B338-66A7DAE6C825}.Ad-Hoc|x86.ActiveCfg = Debug|Any CPU
		{A3BCA559-5E99-445E-B338-66A7DAE6C825}.Ad-Hoc|x86.Build.0 = Debug|Any CPU
		{A3BCA559-5E99-445E-B338-66A7DAE6C825}.AppStore|Any CPU.ActiveCfg = Debug|Any CPU
		{A3BCA559-5E99-445E-B338-66A7DAE6C825}.AppStore|Any CPU.Build.0 = Debug|Any CPU
		{A3BCA559-5E99-445E-B338-66A7DAE6C825}.AppStore|ARM.ActiveCfg = Debug|Any CPU
		{A3BCA559-5E99-445E-B338-66A7DAE6C825}.AppStore|ARM.Build.0 = Debug|Any CPU
		{A3BCA559-5E99-445E-B338-66A7DAE6C825}.AppStore|iPhone.ActiveCfg = Debug|Any CPU
		{A3BCA559-5E99-445E-B338-66A7DAE6C825}.AppStore|iPhone.Build.0 = Debug|Any CPU
		{A3BCA559-5E99-445E-B338-66A7DAE6C825}.AppStore|iPhoneSimulator.ActiveCfg = Debug|Any CPU
		{A3BCA559-5E99-445E-B338-66A7DAE6C825}.AppStore|iPhoneSimulator.Build.0 = Debug|Any CPU
		{A3BCA559-5E99-445E-B338-66A7DAE6C825}.AppStore|x64.ActiveCfg = Debug|Any CPU
		{A3BCA559-5E99-445E-B338-66A7DAE6C825}.AppStore|x64.Build.0 = Debug|Any CPU
		{A3BCA559-5E99-445E-B338-66A7DAE6C825}.AppStore|x86.ActiveCfg = Debug|Any CPU
		{A3BCA559-5E99-445E-B338-66A7DAE6C825}.AppStore|x86.Build.0 = Debug|Any CPU
		{A3BCA559-5E99-445E-B338-66A7DAE6C825}.Debug|Any CPU.ActiveCfg = Debug|Any CPU
		{A3BCA559-5E99-445E-B338-66A7DAE6C825}.Debug|Any CPU.Build.0 = Debug|Any CPU
		{A3BCA559-5E99-445E-B338-66A7DAE6C825}.Debug|ARM.ActiveCfg = Debug|Any CPU
		{A3BCA559-5E99-445E-B338-66A7DAE6C825}.Debug|ARM.Build.0 = Debug|Any CPU
		{A3BCA559-5E99-445E-B338-66A7DAE6C825}.Debug|iPhone.ActiveCfg = Debug|Any CPU
		{A3BCA559-5E99-445E-B338-66A7DAE6C825}.Debug|iPhone.Build.0 = Debug|Any CPU
		{A3BCA559-5E99-445E-B338-66A7DAE6C825}.Debug|iPhoneSimulator.ActiveCfg = Debug|Any CPU
		{A3BCA559-5E99-445E-B338-66A7DAE6C825}.Debug|iPhoneSimulator.Build.0 = Debug|Any CPU
		{A3BCA559-5E99-445E-B338-66A7DAE6C825}.Debug|x64.ActiveCfg = Debug|Any CPU
		{A3BCA559-5E99-445E-B338-66A7DAE6C825}.Debug|x64.Build.0 = Debug|Any CPU
		{A3BCA559-5E99-445E-B338-66A7DAE6C825}.Debug|x86.ActiveCfg = Debug|Any CPU
		{A3BCA559-5E99-445E-B338-66A7DAE6C825}.Debug|x86.Build.0 = Debug|Any CPU
		{A3BCA559-5E99-445E-B338-66A7DAE6C825}.Release|Any CPU.ActiveCfg = Release|Any CPU
		{A3BCA559-5E99-445E-B338-66A7DAE6C825}.Release|Any CPU.Build.0 = Release|Any CPU
		{A3BCA559-5E99-445E-B338-66A7DAE6C825}.Release|ARM.ActiveCfg = Release|Any CPU
		{A3BCA559-5E99-445E-B338-66A7DAE6C825}.Release|ARM.Build.0 = Release|Any CPU
		{A3BCA559-5E99-445E-B338-66A7DAE6C825}.Release|iPhone.ActiveCfg = Release|Any CPU
		{A3BCA559-5E99-445E-B338-66A7DAE6C825}.Release|iPhone.Build.0 = Release|Any CPU
		{A3BCA559-5E99-445E-B338-66A7DAE6C825}.Release|iPhoneSimulator.ActiveCfg = Release|Any CPU
		{A3BCA559-5E99-445E-B338-66A7DAE6C825}.Release|iPhoneSimulator.Build.0 = Release|Any CPU
		{A3BCA559-5E99-445E-B338-66A7DAE6C825}.Release|x64.ActiveCfg = Release|Any CPU
		{A3BCA559-5E99-445E-B338-66A7DAE6C825}.Release|x64.Build.0 = Release|Any CPU
		{A3BCA559-5E99-445E-B338-66A7DAE6C825}.Release|x86.ActiveCfg = Release|Any CPU
		{A3BCA559-5E99-445E-B338-66A7DAE6C825}.Release|x86.Build.0 = Release|Any CPU
		{667990F0-031C-435E-B204-915E3E63A895}.Ad-Hoc|Any CPU.ActiveCfg = Debug|Any CPU
		{667990F0-031C-435E-B204-915E3E63A895}.Ad-Hoc|Any CPU.Build.0 = Debug|Any CPU
		{667990F0-031C-435E-B204-915E3E63A895}.Ad-Hoc|ARM.ActiveCfg = Debug|Any CPU
		{667990F0-031C-435E-B204-915E3E63A895}.Ad-Hoc|ARM.Build.0 = Debug|Any CPU
		{667990F0-031C-435E-B204-915E3E63A895}.Ad-Hoc|iPhone.ActiveCfg = Debug|Any CPU
		{667990F0-031C-435E-B204-915E3E63A895}.Ad-Hoc|iPhone.Build.0 = Debug|Any CPU
		{667990F0-031C-435E-B204-915E3E63A895}.Ad-Hoc|iPhoneSimulator.ActiveCfg = Debug|Any CPU
		{667990F0-031C-435E-B204-915E3E63A895}.Ad-Hoc|iPhoneSimulator.Build.0 = Debug|Any CPU
		{667990F0-031C-435E-B204-915E3E63A895}.Ad-Hoc|x64.ActiveCfg = Debug|Any CPU
		{667990F0-031C-435E-B204-915E3E63A895}.Ad-Hoc|x64.Build.0 = Debug|Any CPU
		{667990F0-031C-435E-B204-915E3E63A895}.Ad-Hoc|x86.ActiveCfg = Debug|Any CPU
		{667990F0-031C-435E-B204-915E3E63A895}.Ad-Hoc|x86.Build.0 = Debug|Any CPU
		{667990F0-031C-435E-B204-915E3E63A895}.AppStore|Any CPU.ActiveCfg = Debug|Any CPU
		{667990F0-031C-435E-B204-915E3E63A895}.AppStore|Any CPU.Build.0 = Debug|Any CPU
		{667990F0-031C-435E-B204-915E3E63A895}.AppStore|ARM.ActiveCfg = Debug|Any CPU
		{667990F0-031C-435E-B204-915E3E63A895}.AppStore|ARM.Build.0 = Debug|Any CPU
		{667990F0-031C-435E-B204-915E3E63A895}.AppStore|iPhone.ActiveCfg = Debug|Any CPU
		{667990F0-031C-435E-B204-915E3E63A895}.AppStore|iPhone.Build.0 = Debug|Any CPU
		{667990F0-031C-435E-B204-915E3E63A895}.AppStore|iPhoneSimulator.ActiveCfg = Debug|Any CPU
		{667990F0-031C-435E-B204-915E3E63A895}.AppStore|iPhoneSimulator.Build.0 = Debug|Any CPU
		{667990F0-031C-435E-B204-915E3E63A895}.AppStore|x64.ActiveCfg = Debug|Any CPU
		{667990F0-031C-435E-B204-915E3E63A895}.AppStore|x64.Build.0 = Debug|Any CPU
		{667990F0-031C-435E-B204-915E3E63A895}.AppStore|x86.ActiveCfg = Debug|Any CPU
		{667990F0-031C-435E-B204-915E3E63A895}.AppStore|x86.Build.0 = Debug|Any CPU
		{667990F0-031C-435E-B204-915E3E63A895}.Debug|Any CPU.ActiveCfg = Debug|Any CPU
		{667990F0-031C-435E-B204-915E3E63A895}.Debug|Any CPU.Build.0 = Debug|Any CPU
		{667990F0-031C-435E-B204-915E3E63A895}.Debug|ARM.ActiveCfg = Debug|Any CPU
		{667990F0-031C-435E-B204-915E3E63A895}.Debug|ARM.Build.0 = Debug|Any CPU
		{667990F0-031C-435E-B204-915E3E63A895}.Debug|iPhone.ActiveCfg = Debug|Any CPU
		{667990F0-031C-435E-B204-915E3E63A895}.Debug|iPhone.Build.0 = Debug|Any CPU
		{667990F0-031C-435E-B204-915E3E63A895}.Debug|iPhoneSimulator.ActiveCfg = Debug|Any CPU
		{667990F0-031C-435E-B204-915E3E63A895}.Debug|iPhoneSimulator.Build.0 = Debug|Any CPU
		{667990F0-031C-435E-B204-915E3E63A895}.Debug|x64.ActiveCfg = Debug|Any CPU
		{667990F0-031C-435E-B204-915E3E63A895}.Debug|x64.Build.0 = Debug|Any CPU
		{667990F0-031C-435E-B204-915E3E63A895}.Debug|x86.ActiveCfg = Debug|Any CPU
		{667990F0-031C-435E-B204-915E3E63A895}.Debug|x86.Build.0 = Debug|Any CPU
		{667990F0-031C-435E-B204-915E3E63A895}.Release|Any CPU.ActiveCfg = Release|Any CPU
		{667990F0-031C-435E-B204-915E3E63A895}.Release|Any CPU.Build.0 = Release|Any CPU
		{667990F0-031C-435E-B204-915E3E63A895}.Release|ARM.ActiveCfg = Release|Any CPU
		{667990F0-031C-435E-B204-915E3E63A895}.Release|ARM.Build.0 = Release|Any CPU
		{667990F0-031C-435E-B204-915E3E63A895}.Release|iPhone.ActiveCfg = Release|Any CPU
		{667990F0-031C-435E-B204-915E3E63A895}.Release|iPhone.Build.0 = Release|Any CPU
		{667990F0-031C-435E-B204-915E3E63A895}.Release|iPhoneSimulator.ActiveCfg = Release|Any CPU
		{667990F0-031C-435E-B204-915E3E63A895}.Release|iPhoneSimulator.Build.0 = Release|Any CPU
		{667990F0-031C-435E-B204-915E3E63A895}.Release|x64.ActiveCfg = Release|Any CPU
		{667990F0-031C-435E-B204-915E3E63A895}.Release|x64.Build.0 = Release|Any CPU
		{667990F0-031C-435E-B204-915E3E63A895}.Release|x86.ActiveCfg = Release|Any CPU
		{667990F0-031C-435E-B204-915E3E63A895}.Release|x86.Build.0 = Release|Any CPU
		{7C3CDAF4-78BA-40E7-AADF-CCBF04B82C72}.Ad-Hoc|Any CPU.ActiveCfg = Release|Any CPU
		{7C3CDAF4-78BA-40E7-AADF-CCBF04B82C72}.Ad-Hoc|Any CPU.Build.0 = Release|Any CPU
		{7C3CDAF4-78BA-40E7-AADF-CCBF04B82C72}.Ad-Hoc|ARM.ActiveCfg = Release|Any CPU
		{7C3CDAF4-78BA-40E7-AADF-CCBF04B82C72}.Ad-Hoc|ARM.Build.0 = Release|Any CPU
		{7C3CDAF4-78BA-40E7-AADF-CCBF04B82C72}.Ad-Hoc|iPhone.ActiveCfg = Release|Any CPU
		{7C3CDAF4-78BA-40E7-AADF-CCBF04B82C72}.Ad-Hoc|iPhone.Build.0 = Release|Any CPU
		{7C3CDAF4-78BA-40E7-AADF-CCBF04B82C72}.Ad-Hoc|iPhoneSimulator.ActiveCfg = Release|Any CPU
		{7C3CDAF4-78BA-40E7-AADF-CCBF04B82C72}.Ad-Hoc|iPhoneSimulator.Build.0 = Release|Any CPU
		{7C3CDAF4-78BA-40E7-AADF-CCBF04B82C72}.Ad-Hoc|x64.ActiveCfg = Release|Any CPU
		{7C3CDAF4-78BA-40E7-AADF-CCBF04B82C72}.Ad-Hoc|x64.Build.0 = Release|Any CPU
		{7C3CDAF4-78BA-40E7-AADF-CCBF04B82C72}.Ad-Hoc|x86.ActiveCfg = Release|Any CPU
		{7C3CDAF4-78BA-40E7-AADF-CCBF04B82C72}.Ad-Hoc|x86.Build.0 = Release|Any CPU
		{7C3CDAF4-78BA-40E7-AADF-CCBF04B82C72}.AppStore|Any CPU.ActiveCfg = Release|Any CPU
		{7C3CDAF4-78BA-40E7-AADF-CCBF04B82C72}.AppStore|Any CPU.Build.0 = Release|Any CPU
		{7C3CDAF4-78BA-40E7-AADF-CCBF04B82C72}.AppStore|ARM.ActiveCfg = Release|Any CPU
		{7C3CDAF4-78BA-40E7-AADF-CCBF04B82C72}.AppStore|ARM.Build.0 = Release|Any CPU
		{7C3CDAF4-78BA-40E7-AADF-CCBF04B82C72}.AppStore|iPhone.ActiveCfg = Release|Any CPU
		{7C3CDAF4-78BA-40E7-AADF-CCBF04B82C72}.AppStore|iPhone.Build.0 = Release|Any CPU
		{7C3CDAF4-78BA-40E7-AADF-CCBF04B82C72}.AppStore|iPhoneSimulator.ActiveCfg = Release|Any CPU
		{7C3CDAF4-78BA-40E7-AADF-CCBF04B82C72}.AppStore|iPhoneSimulator.Build.0 = Release|Any CPU
		{7C3CDAF4-78BA-40E7-AADF-CCBF04B82C72}.AppStore|x64.ActiveCfg = Release|Any CPU
		{7C3CDAF4-78BA-40E7-AADF-CCBF04B82C72}.AppStore|x64.Build.0 = Release|Any CPU
		{7C3CDAF4-78BA-40E7-AADF-CCBF04B82C72}.AppStore|x86.ActiveCfg = Release|Any CPU
		{7C3CDAF4-78BA-40E7-AADF-CCBF04B82C72}.AppStore|x86.Build.0 = Release|Any CPU
		{7C3CDAF4-78BA-40E7-AADF-CCBF04B82C72}.Debug|Any CPU.ActiveCfg = Debug|Any CPU
		{7C3CDAF4-78BA-40E7-AADF-CCBF04B82C72}.Debug|Any CPU.Build.0 = Debug|Any CPU
		{7C3CDAF4-78BA-40E7-AADF-CCBF04B82C72}.Debug|ARM.ActiveCfg = Debug|Any CPU
		{7C3CDAF4-78BA-40E7-AADF-CCBF04B82C72}.Debug|ARM.Build.0 = Debug|Any CPU
		{7C3CDAF4-78BA-40E7-AADF-CCBF04B82C72}.Debug|iPhone.ActiveCfg = Debug|Any CPU
		{7C3CDAF4-78BA-40E7-AADF-CCBF04B82C72}.Debug|iPhone.Build.0 = Debug|Any CPU
		{7C3CDAF4-78BA-40E7-AADF-CCBF04B82C72}.Debug|iPhoneSimulator.ActiveCfg = Debug|Any CPU
		{7C3CDAF4-78BA-40E7-AADF-CCBF04B82C72}.Debug|iPhoneSimulator.Build.0 = Debug|Any CPU
		{7C3CDAF4-78BA-40E7-AADF-CCBF04B82C72}.Debug|x64.ActiveCfg = Debug|Any CPU
		{7C3CDAF4-78BA-40E7-AADF-CCBF04B82C72}.Debug|x64.Build.0 = Debug|Any CPU
		{7C3CDAF4-78BA-40E7-AADF-CCBF04B82C72}.Debug|x86.ActiveCfg = Debug|Any CPU
		{7C3CDAF4-78BA-40E7-AADF-CCBF04B82C72}.Debug|x86.Build.0 = Debug|Any CPU
		{7C3CDAF4-78BA-40E7-AADF-CCBF04B82C72}.Release|Any CPU.ActiveCfg = Release|Any CPU
		{7C3CDAF4-78BA-40E7-AADF-CCBF04B82C72}.Release|Any CPU.Build.0 = Release|Any CPU
		{7C3CDAF4-78BA-40E7-AADF-CCBF04B82C72}.Release|ARM.ActiveCfg = Release|Any CPU
		{7C3CDAF4-78BA-40E7-AADF-CCBF04B82C72}.Release|ARM.Build.0 = Release|Any CPU
		{7C3CDAF4-78BA-40E7-AADF-CCBF04B82C72}.Release|iPhone.ActiveCfg = Release|Any CPU
		{7C3CDAF4-78BA-40E7-AADF-CCBF04B82C72}.Release|iPhone.Build.0 = Release|Any CPU
		{7C3CDAF4-78BA-40E7-AADF-CCBF04B82C72}.Release|iPhoneSimulator.ActiveCfg = Release|Any CPU
		{7C3CDAF4-78BA-40E7-AADF-CCBF04B82C72}.Release|iPhoneSimulator.Build.0 = Release|Any CPU
		{7C3CDAF4-78BA-40E7-AADF-CCBF04B82C72}.Release|x64.ActiveCfg = Release|Any CPU
		{7C3CDAF4-78BA-40E7-AADF-CCBF04B82C72}.Release|x64.Build.0 = Release|Any CPU
		{7C3CDAF4-78BA-40E7-AADF-CCBF04B82C72}.Release|x86.ActiveCfg = Release|Any CPU
		{7C3CDAF4-78BA-40E7-AADF-CCBF04B82C72}.Release|x86.Build.0 = Release|Any CPU
		{92BC088A-ABA2-4C23-A250-29C5581EBAA9}.Ad-Hoc|Any CPU.ActiveCfg = Debug|Any CPU
		{92BC088A-ABA2-4C23-A250-29C5581EBAA9}.Ad-Hoc|Any CPU.Build.0 = Debug|Any CPU
		{92BC088A-ABA2-4C23-A250-29C5581EBAA9}.Ad-Hoc|ARM.ActiveCfg = Debug|Any CPU
		{92BC088A-ABA2-4C23-A250-29C5581EBAA9}.Ad-Hoc|ARM.Build.0 = Debug|Any CPU
		{92BC088A-ABA2-4C23-A250-29C5581EBAA9}.Ad-Hoc|iPhone.ActiveCfg = Debug|Any CPU
		{92BC088A-ABA2-4C23-A250-29C5581EBAA9}.Ad-Hoc|iPhone.Build.0 = Debug|Any CPU
		{92BC088A-ABA2-4C23-A250-29C5581EBAA9}.Ad-Hoc|iPhoneSimulator.ActiveCfg = Debug|Any CPU
		{92BC088A-ABA2-4C23-A250-29C5581EBAA9}.Ad-Hoc|iPhoneSimulator.Build.0 = Debug|Any CPU
		{92BC088A-ABA2-4C23-A250-29C5581EBAA9}.Ad-Hoc|x64.ActiveCfg = Debug|Any CPU
		{92BC088A-ABA2-4C23-A250-29C5581EBAA9}.Ad-Hoc|x64.Build.0 = Debug|Any CPU
		{92BC088A-ABA2-4C23-A250-29C5581EBAA9}.Ad-Hoc|x86.ActiveCfg = Debug|Any CPU
		{92BC088A-ABA2-4C23-A250-29C5581EBAA9}.Ad-Hoc|x86.Build.0 = Debug|Any CPU
		{92BC088A-ABA2-4C23-A250-29C5581EBAA9}.AppStore|Any CPU.ActiveCfg = Debug|Any CPU
		{92BC088A-ABA2-4C23-A250-29C5581EBAA9}.AppStore|Any CPU.Build.0 = Debug|Any CPU
		{92BC088A-ABA2-4C23-A250-29C5581EBAA9}.AppStore|ARM.ActiveCfg = Debug|Any CPU
		{92BC088A-ABA2-4C23-A250-29C5581EBAA9}.AppStore|ARM.Build.0 = Debug|Any CPU
		{92BC088A-ABA2-4C23-A250-29C5581EBAA9}.AppStore|iPhone.ActiveCfg = Debug|Any CPU
		{92BC088A-ABA2-4C23-A250-29C5581EBAA9}.AppStore|iPhone.Build.0 = Debug|Any CPU
		{92BC088A-ABA2-4C23-A250-29C5581EBAA9}.AppStore|iPhoneSimulator.ActiveCfg = Debug|Any CPU
		{92BC088A-ABA2-4C23-A250-29C5581EBAA9}.AppStore|iPhoneSimulator.Build.0 = Debug|Any CPU
		{92BC088A-ABA2-4C23-A250-29C5581EBAA9}.AppStore|x64.ActiveCfg = Debug|Any CPU
		{92BC088A-ABA2-4C23-A250-29C5581EBAA9}.AppStore|x64.Build.0 = Debug|Any CPU
		{92BC088A-ABA2-4C23-A250-29C5581EBAA9}.AppStore|x86.ActiveCfg = Debug|Any CPU
		{92BC088A-ABA2-4C23-A250-29C5581EBAA9}.AppStore|x86.Build.0 = Debug|Any CPU
		{92BC088A-ABA2-4C23-A250-29C5581EBAA9}.Debug|Any CPU.ActiveCfg = Debug|Any CPU
		{92BC088A-ABA2-4C23-A250-29C5581EBAA9}.Debug|Any CPU.Build.0 = Debug|Any CPU
		{92BC088A-ABA2-4C23-A250-29C5581EBAA9}.Debug|ARM.ActiveCfg = Debug|Any CPU
		{92BC088A-ABA2-4C23-A250-29C5581EBAA9}.Debug|ARM.Build.0 = Debug|Any CPU
		{92BC088A-ABA2-4C23-A250-29C5581EBAA9}.Debug|iPhone.ActiveCfg = Debug|Any CPU
		{92BC088A-ABA2-4C23-A250-29C5581EBAA9}.Debug|iPhone.Build.0 = Debug|Any CPU
		{92BC088A-ABA2-4C23-A250-29C5581EBAA9}.Debug|iPhoneSimulator.ActiveCfg = Debug|Any CPU
		{92BC088A-ABA2-4C23-A250-29C5581EBAA9}.Debug|iPhoneSimulator.Build.0 = Debug|Any CPU
		{92BC088A-ABA2-4C23-A250-29C5581EBAA9}.Debug|x64.ActiveCfg = Debug|Any CPU
		{92BC088A-ABA2-4C23-A250-29C5581EBAA9}.Debug|x64.Build.0 = Debug|Any CPU
		{92BC088A-ABA2-4C23-A250-29C5581EBAA9}.Debug|x86.ActiveCfg = Debug|Any CPU
		{92BC088A-ABA2-4C23-A250-29C5581EBAA9}.Debug|x86.Build.0 = Debug|Any CPU
		{92BC088A-ABA2-4C23-A250-29C5581EBAA9}.Release|Any CPU.ActiveCfg = Release|Any CPU
		{92BC088A-ABA2-4C23-A250-29C5581EBAA9}.Release|Any CPU.Build.0 = Release|Any CPU
		{92BC088A-ABA2-4C23-A250-29C5581EBAA9}.Release|ARM.ActiveCfg = Release|Any CPU
		{92BC088A-ABA2-4C23-A250-29C5581EBAA9}.Release|ARM.Build.0 = Release|Any CPU
		{92BC088A-ABA2-4C23-A250-29C5581EBAA9}.Release|iPhone.ActiveCfg = Release|Any CPU
		{92BC088A-ABA2-4C23-A250-29C5581EBAA9}.Release|iPhone.Build.0 = Release|Any CPU
		{92BC088A-ABA2-4C23-A250-29C5581EBAA9}.Release|iPhoneSimulator.ActiveCfg = Release|Any CPU
		{92BC088A-ABA2-4C23-A250-29C5581EBAA9}.Release|iPhoneSimulator.Build.0 = Release|Any CPU
		{92BC088A-ABA2-4C23-A250-29C5581EBAA9}.Release|x64.ActiveCfg = Release|Any CPU
		{92BC088A-ABA2-4C23-A250-29C5581EBAA9}.Release|x64.Build.0 = Release|Any CPU
		{92BC088A-ABA2-4C23-A250-29C5581EBAA9}.Release|x86.ActiveCfg = Release|Any CPU
		{92BC088A-ABA2-4C23-A250-29C5581EBAA9}.Release|x86.Build.0 = Release|Any CPU
	EndGlobalSection
	GlobalSection(SolutionProperties) = preSolution
		HideSolutionNode = FALSE
	EndGlobalSection
	GlobalSection(NestedProjects) = preSolution
		{77F8CE7F-A8A9-4280-84FA-33E67D82D74C} = {1B3E21DE-15F0-4570-9564-E50D0C2D5C06}
		{828D9A3F-626B-465E-A140-AF668183B221} = {1B3E21DE-15F0-4570-9564-E50D0C2D5C06}
		{63710D80-F2D5-4D3D-8A49-30488BB15146} = {1B3E21DE-15F0-4570-9564-E50D0C2D5C06}
		{842EC23A-95E9-4BAC-B52B-349CA26617F8} = {1B3E21DE-15F0-4570-9564-E50D0C2D5C06}
		{C7A85CBD-ADCC-43EE-A349-8C52E99AD7A1} = {1B3E21DE-15F0-4570-9564-E50D0C2D5C06}
		{4B257409-7684-4F0D-991F-105342FF1BE2} = {1B3E21DE-15F0-4570-9564-E50D0C2D5C06}
		{9146F67D-2614-4713-837D-E88C38CEECC5} = {1B3E21DE-15F0-4570-9564-E50D0C2D5C06}
		{2A5BA5DD-3E47-4727-9F99-B01ED78640AE} = {1B3E21DE-15F0-4570-9564-E50D0C2D5C06}
		{65AE9BE9-7BE2-43E4-953C-F357DD472A60} = {1B3E21DE-15F0-4570-9564-E50D0C2D5C06}
		{BC0AE41B-B446-4CA7-BAA1-501762986D17} = {1B3E21DE-15F0-4570-9564-E50D0C2D5C06}
		{0597F869-DCB7-4DAA-8ACF-1A3E0B6C5A17} = {1B3E21DE-15F0-4570-9564-E50D0C2D5C06}
		{6A2DE697-FA20-45CA-9E81-BF42CED53FA8} = {1B3E21DE-15F0-4570-9564-E50D0C2D5C06}
		{601D0AA3-C91E-4659-BE7D-CACE1CC91262} = {1B3E21DE-15F0-4570-9564-E50D0C2D5C06}
		{27953C1E-6F4D-47F5-9891-9AAC1C540E42} = {1B3E21DE-15F0-4570-9564-E50D0C2D5C06}
		{A3BCA559-5E99-445E-B338-66A7DAE6C825} = {1B3E21DE-15F0-4570-9564-E50D0C2D5C06}
		{667990F0-031C-435E-B204-915E3E63A895} = {1B3E21DE-15F0-4570-9564-E50D0C2D5C06}
		{7C3CDAF4-78BA-40E7-AADF-CCBF04B82C72} = {1B3E21DE-15F0-4570-9564-E50D0C2D5C06}
	EndGlobalSection
	GlobalSection(ExtensibilityGlobals) = postSolution
		SolutionGuid = {47BF71ED-D382-47F0-B413-5428452F3DFF}
	EndGlobalSection
EndGlobal
